<?xml version="1.0" encoding="utf-8"?>
<Project ToolsVersion="4.0" xmlns="http://schemas.microsoft.com/developer/msbuild/2003">
  <ItemGroup>
    <ClCompile Include="src\main.cpp">
      <Filter>src</Filter>
    </ClCompile>
    <ClCompile Include="src\ofApp.cpp">
      <Filter>src</Filter>
    </ClCompile>
    <ClCompile Include="$(OFDIR)\addons\ofxCv\libs\ofxCv\src\Calibration.cpp">
      <Filter>of</Filter>
    </ClCompile>
    <ClCompile Include="$(OFDIR)\addons\ofxCv\libs\ofxCv\src\ContourFinder.cpp">
      <Filter>of</Filter>
    </ClCompile>
    <ClCompile Include="$(OFDIR)\addons\ofxCv\libs\ofxCv\src\Distance.cpp">
      <Filter>of</Filter>
    </ClCompile>
    <ClCompile Include="$(OFDIR)\addons\ofxCv\libs\ofxCv\src\Flow.cpp">
      <Filter>of</Filter>
    </ClCompile>
    <ClCompile Include="$(OFDIR)\addons\ofxCv\libs\ofxCv\src\Helpers.cpp">
      <Filter>of</Filter>
    </ClCompile>
    <ClCompile Include="$(OFDIR)\addons\ofxOsc\libs\oscpack\src\ip\IpEndpointName.cpp">
      <Filter>of</Filter>
    </ClCompile>
    <ClCompile Include="$(OFDIR)\addons\ofxCv\libs\ofxCv\src\Kalman.cpp">
      <Filter>of</Filter>
    </ClCompile>
    <ClCompile Include="$(OFDIR)\addons\ofxOsc\libs\oscpack\src\ip\win32\NetworkingUtilsWin.cpp">
      <Filter>of</Filter>
    </ClCompile>
    <ClCompile Include="$(OFDIR)\addons\ofxCv\libs\ofxCv\src\ObjectFinder.cpp">
      <Filter>of</Filter>
    </ClCompile>
    <ClCompile Include="$(OFDIR)\addons\ofxGui\src\ofxBaseGui.cpp">
      <Filter>of</Filter>
    </ClCompile>
    <ClCompile Include="$(OFDIR)\addons\ofxGui\src\ofxButton.cpp">
      <Filter>of</Filter>
    </ClCompile>
    <ClCompile Include="$(OFDIR)\addons\ofxOpenCv\src\ofxCvColorImage.cpp">
      <Filter>of</Filter>
    </ClCompile>
    <ClCompile Include="$(OFDIR)\addons\ofxOpenCv\src\ofxCvContourFinder.cpp">
      <Filter>of</Filter>
    </ClCompile>
    <ClCompile Include="$(OFDIR)\addons\ofxOpenCv\src\ofxCvFloatImage.cpp">
      <Filter>of</Filter>
    </ClCompile>
    <ClCompile Include="$(OFDIR)\addons\ofxOpenCv\src\ofxCvGrayscaleImage.cpp">
      <Filter>of</Filter>
    </ClCompile>
    <ClCompile Include="$(OFDIR)\addons\ofxOpenCv\src\ofxCvHaarFinder.cpp">
      <Filter>of</Filter>
    </ClCompile>
    <ClCompile Include="$(OFDIR)\addons\ofxOpenCv\src\ofxCvImage.cpp">
      <Filter>of</Filter>
    </ClCompile>
    <ClCompile Include="$(OFDIR)\addons\ofxOpenCv\src\ofxCvShortImage.cpp">
      <Filter>of</Filter>
    </ClCompile>
    <ClCompile Include="$(OFDIR)\addons\ofxPlaylist\src\Easings\ofxEasing.cpp">
      <Filter>of</Filter>
    </ClCompile>
    <ClCompile Include="$(OFDIR)\addons\ofxPlaylist\src\Easings\ofxEasingBack.cpp">
      <Filter>of</Filter>
    </ClCompile>
    <ClCompile Include="$(OFDIR)\addons\ofxPlaylist\src\Easings\ofxEasingBounce.cpp">
      <Filter>of</Filter>
    </ClCompile>
    <ClCompile Include="$(OFDIR)\addons\ofxPlaylist\src\Easings\ofxEasingCirc.cpp">
      <Filter>of</Filter>
    </ClCompile>
    <ClCompile Include="$(OFDIR)\addons\ofxPlaylist\src\Easings\ofxEasingCubic.cpp">
      <Filter>of</Filter>
    </ClCompile>
    <ClCompile Include="$(OFDIR)\addons\ofxPlaylist\src\Easings\ofxEasingElastic.cpp">
      <Filter>of</Filter>
    </ClCompile>
    <ClCompile Include="$(OFDIR)\addons\ofxPlaylist\src\Easings\ofxEasingExpo.cpp">
      <Filter>of</Filter>
    </ClCompile>
    <ClCompile Include="$(OFDIR)\addons\ofxPlaylist\src\Easings\ofxEasingLinear.cpp">
      <Filter>of</Filter>
    </ClCompile>
    <ClCompile Include="$(OFDIR)\addons\ofxPlaylist\src\Easings\ofxEasingQuad.cpp">
      <Filter>of</Filter>
    </ClCompile>
    <ClCompile Include="$(OFDIR)\addons\ofxPlaylist\src\Easings\ofxEasingQuart.cpp">
      <Filter>of</Filter>
    </ClCompile>
    <ClCompile Include="$(OFDIR)\addons\ofxPlaylist\src\Easings\ofxEasingQuint.cpp">
      <Filter>of</Filter>
    </ClCompile>
    <ClCompile Include="$(OFDIR)\addons\ofxPlaylist\src\Easings\ofxEasingSine.cpp">
      <Filter>of</Filter>
    </ClCompile>
    <ClCompile Include="$(OFDIR)\addons\ofxPlaylist\src\ofxEventKeyframe.cpp">
      <Filter>of</Filter>
    </ClCompile>
    <ClCompile Include="$(OFDIR)\addons\ofxGui\src\ofxGuiGroup.cpp">
      <Filter>of</Filter>
    </ClCompile>
    <ClCompile Include="$(OFDIR)\addons\ofxPlaylist\src\ofxKeyframe.cpp">
      <Filter>of</Filter>
    </ClCompile>
    <ClCompile Include="$(OFDIR)\addons\ofxGui\src\ofxLabel.cpp">
      <Filter>of</Filter>
    </ClCompile>
    <ClCompile Include="$(OFDIR)\addons\ofxOsc\src\ofxOscBundle.cpp">
      <Filter>of</Filter>
    </ClCompile>
    <ClCompile Include="$(OFDIR)\addons\ofxOsc\src\ofxOscMessage.cpp">
      <Filter>of</Filter>
    </ClCompile>
    <ClCompile Include="$(OFDIR)\addons\ofxOsc\src\ofxOscParameterSync.cpp">
      <Filter>of</Filter>
    </ClCompile>
    <ClCompile Include="$(OFDIR)\addons\ofxOsc\src\ofxOscReceiver.cpp">
      <Filter>of</Filter>
    </ClCompile>
    <ClCompile Include="$(OFDIR)\addons\ofxOsc\src\ofxOscSender.cpp">
      <Filter>of</Filter>
    </ClCompile>
    <ClCompile Include="$(OFDIR)\addons\ofxGui\src\ofxPanel.cpp">
      <Filter>of</Filter>
    </ClCompile>
    <ClCompile Include="$(OFDIR)\addons\ofxPlaylist\src\ofxPlaylist.cpp">
      <Filter>of</Filter>
    </ClCompile>
    <ClCompile Include="$(OFDIR)\addons\ofxGui\src\ofxSlider.cpp">
      <Filter>of</Filter>
    </ClCompile>
    <ClCompile Include="$(OFDIR)\addons\ofxGui\src\ofxSliderGroup.cpp">
      <Filter>of</Filter>
    </ClCompile>
    <ClCompile Include="$(OFDIR)\addons\ofxGui\src\ofxToggle.cpp">
      <Filter>of</Filter>
    </ClCompile>
    <ClCompile Include="$(OFDIR)\addons\ofxOsc\libs\oscpack\src\osc\OscOutboundPacketStream.cpp">
      <Filter>of</Filter>
    </ClCompile>
    <ClCompile Include="$(OFDIR)\addons\ofxOsc\libs\oscpack\src\osc\OscPrintReceivedElements.cpp">
      <Filter>of</Filter>
    </ClCompile>
    <ClCompile Include="$(OFDIR)\addons\ofxOsc\libs\oscpack\src\osc\OscReceivedElements.cpp">
      <Filter>of</Filter>
    </ClCompile>
    <ClCompile Include="$(OFDIR)\addons\ofxOsc\libs\oscpack\src\osc\OscTypes.cpp">
      <Filter>of</Filter>
    </ClCompile>
    <ClCompile Include="$(OFDIR)\addons\ofxCv\libs\ofxCv\src\RunningBackground.cpp">
      <Filter>of</Filter>
    </ClCompile>
    <ClCompile Include="$(OFDIR)\addons\ofxCv\libs\ofxCv\src\Tracker.cpp">
      <Filter>of</Filter>
    </ClCompile>
    <ClCompile Include="$(OFDIR)\addons\ofxOsc\libs\oscpack\src\ip\win32\UdpSocketWin.cpp">
      <Filter>of</Filter>
    </ClCompile>
    <ClCompile Include="$(OFDIR)\addons\ofxCv\libs\ofxCv\src\Utilities.cpp">
      <Filter>of</Filter>
    </ClCompile>
    <ClCompile Include="$(OFDIR)\addons\ofxCv\libs\ofxCv\src\Wrappers.cpp">
      <Filter>of</Filter>
    </ClCompile>
  </ItemGroup>
  <ItemGroup>
    <Filter Include="src">
      <UniqueIdentifier>{d8376475-7454-4a24-b08a-aac121d3ad6f}</UniqueIdentifier>
    </Filter>
    <Filter Include="addons">
      <UniqueIdentifier>{5214285d-e964-4a02-a3ca-4149c1483b82}</UniqueIdentifier>
    </Filter>
    <Filter Include="addons\ofxOsc">
      <UniqueIdentifier>{1ee8f714-f0dd-449c-8407-ff6ff149daba}</UniqueIdentifier>
    </Filter>
    <Filter Include="addons\ofxSpout">
      <UniqueIdentifier>{dbc92a83-859b-4439-92c9-b9a510086701}</UniqueIdentifier>
    </Filter>
    <Filter Include="addons\ofxOpenCV">
      <UniqueIdentifier>{693735e1-00d5-4436-89c5-c7e19ec6e7ac}</UniqueIdentifier>
    </Filter>
    <Filter Include="addons\ofxCv">
      <UniqueIdentifier>{ba1c2899-eff2-4434-a1ed-ad055b90c212}</UniqueIdentifier>
    </Filter>
    <Filter Include="addons\ofxGui">
      <UniqueIdentifier>{286f8b99-c140-4ccf-ad01-260df49ac13f}</UniqueIdentifier>
    </Filter>
    <Filter Include="addons\ofxPlaylist">
      <UniqueIdentifier>{5a9afb54-2f6f-4d4a-81f4-ea859f260d2e}</UniqueIdentifier>
    </Filter>
    <Filter Include="resourcs">
      <UniqueIdentifier>{a73ff6be-89f0-43ee-a688-c43cc05439f9}</UniqueIdentifier>
    </Filter>
    <Filter Include="of">
      <UniqueIdentifier>{ab7495c9-5554-4b7a-abd5-04381cecdbcf}</UniqueIdentifier>
    </Filter>
  </ItemGroup>
  <ItemGroup>
    <ClInclude Include="src\ofApp.h">
      <Filter>src</Filter>
    </ClInclude>
    <ClInclude Include="$(OFDIR)\addons\ofxCv\libs\ofxCv\include\ofxCv\Calibration.h">
      <Filter>of</Filter>
    </ClInclude>
    <ClInclude Include="$(OFDIR)\addons\ofxCv\libs\ofxCv\include\ofxCv\ContourFinder.h">
      <Filter>of</Filter>
    </ClInclude>
    <ClInclude Include="$(OFDIR)\addons\ofxCv\libs\ofxCv\include\ofxCv\Distance.h">
      <Filter>of</Filter>
    </ClInclude>
    <ClInclude Include="$(OFDIR)\addons\ofxCv\libs\ofxCv\include\ofxCv\Flow.h">
      <Filter>of</Filter>
    </ClInclude>
    <ClInclude Include="$(OFDIR)\addons\ofxCv\libs\ofxCv\include\ofxCv\Helpers.h">
      <Filter>of</Filter>
    </ClInclude>
    <ClInclude Include="$(OFDIR)\addons\ofxOsc\libs\oscpack\src\ip\IpEndpointName.h">
      <Filter>of</Filter>
    </ClInclude>
    <ClInclude Include="$(OFDIR)\addons\ofxCv\libs\ofxCv\include\ofxCv\Kalman.h">
      <Filter>of</Filter>
    </ClInclude>
    <ClInclude Include="$(OFDIR)\addons\ofxOsc\libs\oscpack\src\osc\MessageMappingOscPacketListener.h">
      <Filter>of</Filter>
    </ClInclude>
    <ClInclude Include="$(OFDIR)\addons\ofxOsc\libs\oscpack\src\ip\NetworkingUtils.h">
      <Filter>of</Filter>
    </ClInclude>
    <ClInclude Include="$(OFDIR)\addons\ofxCv\libs\ofxCv\include\ofxCv\ObjectFinder.h">
      <Filter>of</Filter>
    </ClInclude>
    <ClInclude Include="$(OFDIR)\addons\ofxGui\src\ofxBaseGui.h">
      <Filter>of</Filter>
    </ClInclude>
    <ClInclude Include="$(OFDIR)\addons\ofxPlaylist\src\ofxBaseKeyframe.h">
      <Filter>of</Filter>
    </ClInclude>
    <ClInclude Include="$(OFDIR)\addons\ofxGui\src\ofxButton.h">
      <Filter>of</Filter>
    </ClInclude>
    <ClInclude Include="$(OFDIR)\addons\ofxCv\src\ofxCv.h">
      <Filter>of</Filter>
    </ClInclude>
    <ClInclude Include="$(OFDIR)\addons\ofxOpenCv\src\ofxCvBlob.h">
      <Filter>of</Filter>
    </ClInclude>
    <ClInclude Include="$(OFDIR)\addons\ofxOpenCv\src\ofxCvColorImage.h">
      <Filter>of</Filter>
    </ClInclude>
    <ClInclude Include="$(OFDIR)\addons\ofxOpenCv\src\ofxCvConstants.h">
      <Filter>of</Filter>
    </ClInclude>
    <ClInclude Include="$(OFDIR)\addons\ofxOpenCv\src\ofxCvContourFinder.h">
      <Filter>of</Filter>
    </ClInclude>
    <ClInclude Include="$(OFDIR)\addons\ofxOpenCv\src\ofxCvFloatImage.h">
      <Filter>of</Filter>
    </ClInclude>
    <ClInclude Include="$(OFDIR)\addons\ofxOpenCv\src\ofxCvGrayscaleImage.h">
      <Filter>of</Filter>
    </ClInclude>
    <ClInclude Include="$(OFDIR)\addons\ofxOpenCv\src\ofxCvHaarFinder.h">
      <Filter>of</Filter>
    </ClInclude>
    <ClInclude Include="$(OFDIR)\addons\ofxOpenCv\src\ofxCvImage.h">
      <Filter>of</Filter>
    </ClInclude>
    <ClInclude Include="$(OFDIR)\addons\ofxOpenCv\src\ofxCvShortImage.h">
      <Filter>of</Filter>
    </ClInclude>
    <ClInclude Include="$(OFDIR)\addons\ofxPlaylist\src\Easings\ofxEasing.h">
      <Filter>of</Filter>
    </ClInclude>
    <ClInclude Include="$(OFDIR)\addons\ofxPlaylist\src\Easings\ofxEasingBack.h">
      <Filter>of</Filter>
    </ClInclude>
    <ClInclude Include="$(OFDIR)\addons\ofxPlaylist\src\Easings\ofxEasingBounce.h">
      <Filter>of</Filter>
    </ClInclude>
    <ClInclude Include="$(OFDIR)\addons\ofxPlaylist\src\Easings\ofxEasingCirc.h">
      <Filter>of</Filter>
    </ClInclude>
    <ClInclude Include="$(OFDIR)\addons\ofxPlaylist\src\Easings\ofxEasingCubic.h">
      <Filter>of</Filter>
    </ClInclude>
    <ClInclude Include="$(OFDIR)\addons\ofxPlaylist\src\Easings\ofxEasingElastic.h">
      <Filter>of</Filter>
    </ClInclude>
    <ClInclude Include="$(OFDIR)\addons\ofxPlaylist\src\Easings\ofxEasingExpo.h">
      <Filter>of</Filter>
    </ClInclude>
    <ClInclude Include="$(OFDIR)\addons\ofxPlaylist\src\ofxEasingExt.h">
      <Filter>of</Filter>
    </ClInclude>
    <ClInclude Include="$(OFDIR)\addons\ofxPlaylist\src\Easings\ofxEasingLinear.h">
      <Filter>of</Filter>
    </ClInclude>
    <ClInclude Include="$(OFDIR)\addons\ofxPlaylist\src\Easings\ofxEasingQuad.h">
      <Filter>of</Filter>
    </ClInclude>
    <ClInclude Include="$(OFDIR)\addons\ofxPlaylist\src\Easings\ofxEasingQuart.h">
      <Filter>of</Filter>
    </ClInclude>
    <ClInclude Include="$(OFDIR)\addons\ofxPlaylist\src\Easings\ofxEasingQuint.h">
      <Filter>of</Filter>
    </ClInclude>
    <ClInclude Include="$(OFDIR)\addons\ofxPlaylist\src\Easings\ofxEasingSine.h">
      <Filter>of</Filter>
    </ClInclude>
    <ClInclude Include="$(OFDIR)\addons\ofxPlaylist\src\ofxEventKeyframe.h">
      <Filter>of</Filter>
    </ClInclude>
    <ClInclude Include="$(OFDIR)\addons\ofxGui\src\ofxGui.h">
      <Filter>of</Filter>
    </ClInclude>
    <ClInclude Include="$(OFDIR)\addons\ofxGui\src\ofxGuiGroup.h">
      <Filter>of</Filter>
    </ClInclude>
    <ClInclude Include="$(OFDIR)\addons\ofxPlaylist\src\ofxKeyframe.h">
      <Filter>of</Filter>
    </ClInclude>
    <ClInclude Include="$(OFDIR)\addons\ofxGui\src\ofxLabel.h">
      <Filter>of</Filter>
    </ClInclude>
    <ClInclude Include="$(OFDIR)\addons\ofxOpenCv\src\ofxOpenCv.h">
      <Filter>of</Filter>
    </ClInclude>
    <ClInclude Include="$(OFDIR)\addons\ofxOsc\src\ofxOsc.h">
      <Filter>of</Filter>
    </ClInclude>
    <ClInclude Include="$(OFDIR)\addons\ofxOsc\src\ofxOscArg.h">
      <Filter>of</Filter>
    </ClInclude>
    <ClInclude Include="$(OFDIR)\addons\ofxOsc\src\ofxOscBundle.h">
      <Filter>of</Filter>
    </ClInclude>
    <ClInclude Include="$(OFDIR)\addons\ofxOsc\src\ofxOscMessage.h">
      <Filter>of</Filter>
    </ClInclude>
    <ClInclude Include="$(OFDIR)\addons\ofxOsc\src\ofxOscParameterSync.h">
      <Filter>of</Filter>
    </ClInclude>
    <ClInclude Include="$(OFDIR)\addons\ofxOsc\src\ofxOscReceiver.h">
      <Filter>of</Filter>
    </ClInclude>
    <ClInclude Include="$(OFDIR)\addons\ofxOsc\src\ofxOscSender.h">
      <Filter>of</Filter>
    </ClInclude>
    <ClInclude Include="$(OFDIR)\addons\ofxGui\src\ofxPanel.h">
      <Filter>of</Filter>
    </ClInclude>
    <ClInclude Include="$(OFDIR)\addons\ofxPlaylist\src\ofxPlaylist.h">
      <Filter>of</Filter>
    </ClInclude>
    <ClInclude Include="$(OFDIR)\addons\ofxPlaylist\src\ofxPlaylistAEHelper.h">
      <Filter>of</Filter>
    </ClInclude>
    <ClInclude Include="$(OFDIR)\addons\ofxGui\src\ofxSlider.h">
      <Filter>of</Filter>
    </ClInclude>
    <ClInclude Include="$(OFDIR)\addons\ofxGui\src\ofxSliderGroup.h">
      <Filter>of</Filter>
    </ClInclude>
    <ClInclude Include="$(OFDIR)\addons\ofxGui\src\ofxToggle.h">
      <Filter>of</Filter>
    </ClInclude>
    <ClInclude Include="$(OFDIR)\addons\ofxOsc\libs\oscpack\src\osc\OscException.h">
      <Filter>of</Filter>
    </ClInclude>
    <ClInclude Include="$(OFDIR)\addons\ofxOsc\libs\oscpack\src\osc\OscHostEndianness.h">
      <Filter>of</Filter>
    </ClInclude>
    <ClInclude Include="$(OFDIR)\addons\ofxOsc\libs\oscpack\src\osc\OscOutboundPacketStream.h">
      <Filter>of</Filter>
    </ClInclude>
    <ClInclude Include="$(OFDIR)\addons\ofxOsc\libs\oscpack\src\osc\OscPacketListener.h">
      <Filter>of</Filter>
    </ClInclude>
    <ClInclude Include="$(OFDIR)\addons\ofxOsc\libs\oscpack\src\osc\OscPrintReceivedElements.h">
      <Filter>of</Filter>
    </ClInclude>
    <ClInclude Include="$(OFDIR)\addons\ofxOsc\libs\oscpack\src\osc\OscReceivedElements.h">
      <Filter>of</Filter>
    </ClInclude>
    <ClInclude Include="$(OFDIR)\addons\ofxOsc\libs\oscpack\src\osc\OscTypes.h">
      <Filter>of</Filter>
    </ClInclude>
    <ClInclude Include="$(OFDIR)\addons\ofxOsc\libs\oscpack\src\ip\PacketListener.h">
      <Filter>of</Filter>
    </ClInclude>
    <ClInclude Include="$(OFDIR)\addons\ofxCv\libs\ofxCv\include\ofxCv\RunningBackground.h">
      <Filter>of</Filter>
    </ClInclude>
    <ClInclude Include="$(OFDIR)\addons\ofxSpout\src\Spout.h">
      <Filter>of</Filter>
    </ClInclude>
    <ClInclude Include="$(OFDIR)\addons\ofxOsc\libs\oscpack\src\ip\TimerListener.h">
      <Filter>of</Filter>
    </ClInclude>
    <ClInclude Include="$(OFDIR)\addons\ofxCv\libs\ofxCv\include\ofxCv\Tracker.h">
      <Filter>of</Filter>
    </ClInclude>
    <ClInclude Include="$(OFDIR)\addons\ofxOsc\libs\oscpack\src\ip\UdpSocket.h">
      <Filter>of</Filter>
    </ClInclude>
    <ClInclude Include="$(OFDIR)\addons\ofxCv\libs\ofxCv\include\ofxCv\Utilities.h">
      <Filter>of</Filter>
    </ClInclude>
    <ClInclude Include="$(OFDIR)\addons\ofxCv\libs\ofxCv\include\ofxCv\Wrappers.h">
      <Filter>of</Filter>
    </ClInclude>
  </ItemGroup>
  <ItemGroup>
    <Image Include="resources\icon.ico">
      <Filter>resourcs</Filter>
    </Image>
    <Image Include="resources\icon-debug.ico">
      <Filter>resourcs</Filter>
    </Image>
  </ItemGroup>
  <ItemGroup>
    <ResourceCompile Include="icon.rc">
      <Filter>resourcs</Filter>
    </ResourceCompile>
  </ItemGroup>
</Project>