<?xml version="1.0" encoding="utf-8"?>
<Project ToolsVersion="4.0" xmlns="http://schemas.microsoft.com/developer/msbuild/2003">
  <ItemGroup>
    <ClCompile Include="src\ofApp.cpp">
      <Filter>src</Filter>
    </ClCompile>
    <ClCompile Include="src\main.cpp">
      <Filter>src</Filter>
    </ClCompile>
    <ClCompile Include="src\main.cpp">
      <Filter>src</Filter>
    </ClCompile>
    <ClCompile Include="src\ofApp.cpp">
      <Filter>src</Filter>
    </ClCompile>
    <ClCompile Include="..\sharedCode\StreamManager.cpp">
      <Filter>src</Filter>
    </ClCompile>
    <ClCompile Include="$(OFDIR)\addons\ofxDepthStreamCompression\src\ofxDepthCompressedFrame.cpp" />
    <ClCompile Include="$(OFDIR)\addons\ofxDepthStreamCompression\src\ofxDepthOctree.cpp" />
    <ClCompile Include="$(OFDIR)\addons\ofxDepthStreamCompression\src\ofxDepthStreamCompression.cpp" />
    <ClCompile Include="$(OFDIR)\libs\openFrameworks\video\ofGstUtils.cpp" />
    <ClCompile Include="$(OFDIR)\libs\openFrameworks\video\ofGstVideoPlayer.cpp" />
    <ClCompile Include="$(OFDIR)\libs\openFrameworks\video\ofGstVideoGrabber.cpp" />
    <ClCompile Include="$(OFDIR)\addons\ofxGstRTP\src\ofxGstOscDoubleBuffer.cpp" />
    <ClCompile Include="$(OFDIR)\addons\ofxGstRTP\src\ofxGstRTPClient.cpp" />
    <ClCompile Include="$(OFDIR)\addons\ofxGstRTP\src\ofxGstRTPServer.cpp" />
    <ClCompile Include="$(OFDIR)\addons\ofxGstRTP\src\ofxGstRTPUtils.cpp" />
    <ClCompile Include="$(OFDIR)\addons\ofxGstRTP\src\ofxGstXMPPRTP.cpp" />
    <ClCompile Include="$(OFDIR)\addons\ofxGstRTP\src\ofxOscPacketPool.cpp" />
    <ClCompile Include="$(OFDIR)\addons\ofxGstRTP\src\ofxWebRTCAudioPool.cpp" />
    <ClCompile Include="$(OFDIR)\addons\ofxGui\src\ofxBaseGui.cpp" />
    <ClCompile Include="$(OFDIR)\addons\ofxGui\src\ofxButton.cpp" />
    <ClCompile Include="$(OFDIR)\addons\ofxGui\src\ofxGuiGroup.cpp" />
    <ClCompile Include="$(OFDIR)\addons\ofxGui\src\ofxLabel.cpp" />
    <ClCompile Include="$(OFDIR)\addons\ofxGui\src\ofxPanel.cpp" />
    <ClCompile Include="$(OFDIR)\addons\ofxGui\src\ofxSlider.cpp" />
    <ClCompile Include="$(OFDIR)\addons\ofxGui\src\ofxSliderGroup.cpp" />
    <ClCompile Include="$(OFDIR)\addons\ofxGui\src\ofxToggle.cpp" />
    <ClCompile Include="$(OFDIR)\addons\ofxOsc\src\ofxOscBundle.cpp" />
    <ClCompile Include="$(OFDIR)\addons\ofxOsc\src\ofxOscMessage.cpp" />
    <ClCompile Include="$(OFDIR)\addons\ofxOsc\src\ofxOscParameterSync.cpp" />
    <ClCompile Include="$(OFDIR)\addons\ofxOsc\src\ofxOscReceiver.cpp" />
    <ClCompile Include="$(OFDIR)\addons\ofxOsc\src\ofxOscSender.cpp" />
    <ClCompile Include="$(OFDIR)\addons\ofxOsc\libs\oscpack\src\ip\IpEndpointName.cpp" />
    <ClCompile Include="$(OFDIR)\addons\ofxOsc\libs\oscpack\src\ip\posix\NetworkingUtils.cpp" />
    <ClCompile Include="$(OFDIR)\addons\ofxOsc\libs\oscpack\src\ip\posix\UdpSocket.cpp" />
    <ClCompile Include="$(OFDIR)\addons\ofxOsc\libs\oscpack\src\ip\win32\NetworkingUtilsWin.cpp" />
    <ClCompile Include="$(OFDIR)\addons\ofxOsc\libs\oscpack\src\ip\win32\UdpSocketWin.cpp" />
    <ClCompile Include="$(OFDIR)\addons\ofxOsc\libs\oscpack\src\osc\OscOutboundPacketStream.cpp" />
    <ClCompile Include="$(OFDIR)\addons\ofxOsc\libs\oscpack\src\osc\OscPrintReceivedElements.cpp" />
    <ClCompile Include="$(OFDIR)\addons\ofxOsc\libs\oscpack\src\osc\OscReceivedElements.cpp" />
    <ClCompile Include="$(OFDIR)\addons\ofxOsc\libs\oscpack\src\osc\OscTypes.cpp" />
    <ClCompile Include="$(OFDIR)\addons\ofxOSCSync\src\Client\ofxClientOSCManager.cpp" />
    <ClCompile Include="$(OFDIR)\addons\ofxOSCSync\src\CommonTime\ofxCommonTimeBase.cpp" />
    <ClCompile Include="$(OFDIR)\addons\ofxOSCSync\src\CommonTime\ofxCommonTimeOsc.cpp" />
    <ClCompile Include="$(OFDIR)\addons\ofxOSCSync\src\Server\ofxServerOscManager.cpp" />
    <ClCompile Include="$(OFDIR)\addons\ofxSnappy\libs\snappy\src\snappy-sinksource.cc" />
    <ClCompile Include="$(OFDIR)\addons\ofxSnappy\libs\snappy\src\snappy-stubs-internal.cc" />
    <ClCompile Include="$(OFDIR)\addons\ofxSnappy\libs\snappy\src\snappy.cc" />
    <ClCompile Include="$(OFDIR)\addons\ofxXmlSettings\src\ofxXmlSettings.cpp" />
    <ClCompile Include="$(OFDIR)\addons\ofxXmlSettings\libs\tinyxml.cpp" />
    <ClCompile Include="$(OFDIR)\addons\ofxXmlSettings\libs\tinyxmlerror.cpp" />
    <ClCompile Include="$(OFDIR)\addons\ofxXmlSettings\libs\tinyxmlparser.cpp" />
  </ItemGroup>
  <ItemGroup>
    <Filter Include="src">
      <UniqueIdentifier>{d8376475-7454-4a24-b08a-aac121d3ad6f}</UniqueIdentifier>
    </Filter>
    <Filter Include="addons">
      <UniqueIdentifier>{71834F65-F3A9-211E-73B8-DC85}</UniqueIdentifier>
    </Filter>
    <Filter Include="addons\ofxDepthStreamCompression">
      <UniqueIdentifier>{D453665E-518A-5146-E021-411F}</UniqueIdentifier>
    </Filter>
    <Filter Include="addons\ofxDepthStreamCompression\src">
      <UniqueIdentifier>{90FE90C7-DABD-858A-D41F-7AA6}</UniqueIdentifier>
    </Filter>
    <Filter Include="other">
      <UniqueIdentifier>{A2230F47-9F6B-908F-FF0E-E006}</UniqueIdentifier>
    </Filter>
    <Filter Include="addons\ofxGstRTP">
      <UniqueIdentifier>{460005BE-6214-F083-C608-B6E7}</UniqueIdentifier>
    </Filter>
    <Filter Include="addons\ofxGstRTP\src">
      <UniqueIdentifier>{3F0DCB24-8BA3-7D2D-D40F-FC84}</UniqueIdentifier>
    </Filter>
    <Filter Include="addons\ofxGui">
      <UniqueIdentifier>{4F2A59AF-5F4E-704B-D067-EC13}</UniqueIdentifier>
    </Filter>
    <Filter Include="addons\ofxGui\src">
      <UniqueIdentifier>{645E9533-4DCD-6179-1CDF-CB65}</UniqueIdentifier>
    </Filter>
    <Filter Include="addons\ofxOsc">
      <UniqueIdentifier>{D91DCA33-6E5D-4481-2AEC-9FBB}</UniqueIdentifier>
    </Filter>
    <Filter Include="addons\ofxOsc\src">
      <UniqueIdentifier>{B9DD339A-D93D-92A1-0A2F-4B41}</UniqueIdentifier>
    </Filter>
    <Filter Include="addons\ofxOsc\libs">
      <UniqueIdentifier>{99ECA1D9-873F-4622-8FC0-FC7B}</UniqueIdentifier>
    </Filter>
    <Filter Include="addons\ofxOsc\libs\oscpack">
      <UniqueIdentifier>{D3A98534-1602-4FEF-57A6-6593}</UniqueIdentifier>
    </Filter>
    <Filter Include="addons\ofxOsc\libs\oscpack\src">
      <UniqueIdentifier>{BFB5BB47-98C8-BBCB-3066-1046}</UniqueIdentifier>
    </Filter>
    <Filter Include="addons\ofxOsc\libs\oscpack\src\ip">
      <UniqueIdentifier>{5A029128-EB41-95C5-CBC0-CDED}</UniqueIdentifier>
    </Filter>
    <Filter Include="addons\ofxOsc\libs\oscpack\src\ip\posix">
      <UniqueIdentifier>{354C95CF-A234-0360-C6BC-AF41}</UniqueIdentifier>
    </Filter>
    <Filter Include="addons\ofxOsc\libs\oscpack\src\ip\win32">
      <UniqueIdentifier>{79DFDFE2-400B-8654-3675-01A3}</UniqueIdentifier>
    </Filter>
    <Filter Include="addons\ofxOsc\libs\oscpack\src\osc">
      <UniqueIdentifier>{EDACB89C-9768-9551-4D41-B590}</UniqueIdentifier>
    </Filter>
    <Filter Include="addons\ofxOSCSync">
      <UniqueIdentifier>{D4D2AC4A-C70D-7C28-1E09-2D92}</UniqueIdentifier>
    </Filter>
    <Filter Include="addons\ofxOSCSync\src">
      <UniqueIdentifier>{435144F2-0DE1-28BB-A454-8DEA}</UniqueIdentifier>
    </Filter>
    <Filter Include="addons\ofxOSCSync\src\Client">
      <UniqueIdentifier>{427FEAFA-4F13-4DC2-D99E-0DE8}</UniqueIdentifier>
    </Filter>
    <Filter Include="addons\ofxOSCSync\src\CommonTime">
      <UniqueIdentifier>{7273AE72-8473-3C96-33C2-27ED}</UniqueIdentifier>
    </Filter>
    <Filter Include="addons\ofxOSCSync\src\Server">
      <UniqueIdentifier>{496B15CF-12ED-EEEC-15A8-5445}</UniqueIdentifier>
    </Filter>
    <Filter Include="addons\ofxSnappy">
      <UniqueIdentifier>{DB70D013-75D8-575C-EA45-2947}</UniqueIdentifier>
    </Filter>
    <Filter Include="addons\ofxSnappy\libs">
      <UniqueIdentifier>{C1F90A20-E62F-BB24-F107-1E3D}</UniqueIdentifier>
    </Filter>
    <Filter Include="addons\ofxSnappy\libs\snappy">
      <UniqueIdentifier>{B42014E1-8179-7121-D352-771A}</UniqueIdentifier>
    </Filter>
    <Filter Include="addons\ofxSnappy\libs\snappy\src">
      <UniqueIdentifier>{E7F08E2E-BF4C-713F-343E-C865}</UniqueIdentifier>
    </Filter>
    <Filter Include="addons\ofxXmlSettings">
      <UniqueIdentifier>{877F005D-13E6-0592-1D97-F2E3}</UniqueIdentifier>
    </Filter>
    <Filter Include="addons\ofxXmlSettings\src">
      <UniqueIdentifier>{CCB2AC63-49D2-977C-CFE8-AEAD}</UniqueIdentifier>
    </Filter>
    <Filter Include="addons\ofxXmlSettings\libs">
      <UniqueIdentifier>{687714A8-1662-FA1C-261F-50F0}</UniqueIdentifier>
    </Filter>
  </ItemGroup>
  <ItemGroup>
    <ClInclude Include="src\ofApp.h">
      <Filter>src</Filter>
    </ClInclude>
    <ClInclude Include="src\ofApp.h">
      <Filter>src</Filter>
    </ClInclude>
    <ClInclude Include="..\sharedCode\StreamManager.h">
      <Filter>src</Filter>
    </ClInclude>
    <ClInclude Include="$(OFDIR)\addons\ofxDepthStreamCompression\src\ofxCompress.h" />
    <ClInclude Include="$(OFDIR)\addons\ofxDepthStreamCompression\src\ofxDepthCompressedFrame.h" />
    <ClInclude Include="$(OFDIR)\addons\ofxDepthStreamCompression\src\ofxDepthOctree.h" />
    <ClInclude Include="$(OFDIR)\addons\ofxDepthStreamCompression\src\ofxDepthStreamCompression.h" />
    <ClInclude Include="$(OFDIR)\libs\openFrameworks\video\ofGstUtils.h" />
    <ClInclude Include="$(OFDIR)\libs\openFrameworks\video\ofGstVideoPlayer.h" />
    <ClInclude Include="$(OFDIR)\libs\openFrameworks\video\ofGstVideoGrabber.h" />
    <ClInclude Include="$(OFDIR)\addons\ofxGstRTP\src\ofxGstOscDoubleBuffer.h" />
    <ClInclude Include="$(OFDIR)\addons\ofxGstRTP\src\ofxGstPixelsPool.h" />
    <ClInclude Include="$(OFDIR)\addons\ofxGstRTP\src\ofxGstRTPClient.h" />
    <ClInclude Include="$(OFDIR)\addons\ofxGstRTP\src\ofxGstRTPConstants.h" />
    <ClInclude Include="$(OFDIR)\addons\ofxGstRTP\src\ofxGstRTPServer.h" />
    <ClInclude Include="$(OFDIR)\addons\ofxGstRTP\src\ofxGstRTPUtils.h" />
    <ClInclude Include="$(OFDIR)\addons\ofxGstRTP\src\ofxGstVideoDoubleBuffer.h" />
    <ClInclude Include="$(OFDIR)\addons\ofxGstRTP\src\ofxGstXMPPRTP.h" />
    <ClInclude Include="$(OFDIR)\addons\ofxGstRTP\src\ofxOscPacketPool.h" />
    <ClInclude Include="$(OFDIR)\addons\ofxGstRTP\src\ofxWebRTCAudioPool.h" />
    <ClInclude Include="$(OFDIR)\addons\ofxGui\src\ofxBaseGui.h" />
    <ClInclude Include="$(OFDIR)\addons\ofxGui\src\ofxButton.h" />
    <ClInclude Include="$(OFDIR)\addons\ofxGui\src\ofxGui.h" />
    <ClInclude Include="$(OFDIR)\addons\ofxGui\src\ofxGuiGroup.h" />
    <ClInclude Include="$(OFDIR)\addons\ofxGui\src\ofxLabel.h" />
    <ClInclude Include="$(OFDIR)\addons\ofxGui\src\ofxPanel.h" />
    <ClInclude Include="$(OFDIR)\addons\ofxGui\src\ofxSlider.h" />
    <ClInclude Include="$(OFDIR)\addons\ofxGui\src\ofxSliderGroup.h" />
    <ClInclude Include="$(OFDIR)\addons\ofxGui\src\ofxToggle.h" />
    <ClInclude Include="$(OFDIR)\addons\ofxOsc\src\ofxOsc.h" />
    <ClInclude Include="$(OFDIR)\addons\ofxOsc\src\ofxOscArg.h" />
    <ClInclude Include="$(OFDIR)\addons\ofxOsc\src\ofxOscBundle.h" />
    <ClInclude Include="$(OFDIR)\addons\ofxOsc\src\ofxOscMessage.h" />
    <ClInclude Include="$(OFDIR)\addons\ofxOsc\src\ofxOscParameterSync.h" />
    <ClInclude Include="$(OFDIR)\addons\ofxOsc\src\ofxOscReceiver.h" />
    <ClInclude Include="$(OFDIR)\addons\ofxOsc\src\ofxOscSender.h" />
    <ClInclude Include="$(OFDIR)\addons\ofxOsc\libs\oscpack\src\ip\IpEndpointName.h" />
    <ClInclude Include="$(OFDIR)\addons\ofxOsc\libs\oscpack\src\ip\NetworkingUtils.h" />
    <ClInclude Include="$(OFDIR)\addons\ofxOsc\libs\oscpack\src\ip\PacketListener.h" />
    <ClInclude Include="$(OFDIR)\addons\ofxOsc\libs\oscpack\src\ip\TimerListener.h" />
    <ClInclude Include="$(OFDIR)\addons\ofxOsc\libs\oscpack\src\ip\UdpSocket.h" />
    <ClInclude Include="$(OFDIR)\addons\ofxOsc\libs\oscpack\src\osc\MessageMappingOscPacketListener.h" />
    <ClInclude Include="$(OFDIR)\addons\ofxOsc\libs\oscpack\src\osc\OscException.h" />
    <ClInclude Include="$(OFDIR)\addons\ofxOsc\libs\oscpack\src\osc\OscHostEndianness.h" />
    <ClInclude Include="$(OFDIR)\addons\ofxOsc\libs\oscpack\src\osc\OscOutboundPacketStream.h" />
    <ClInclude Include="$(OFDIR)\addons\ofxOsc\libs\oscpack\src\osc\OscPacketListener.h" />
    <ClInclude Include="$(OFDIR)\addons\ofxOsc\libs\oscpack\src\osc\OscPrintReceivedElements.h" />
    <ClInclude Include="$(OFDIR)\addons\ofxOsc\libs\oscpack\src\osc\OscReceivedElements.h" />
    <ClInclude Include="$(OFDIR)\addons\ofxOsc\libs\oscpack\src\osc\OscTypes.h" />
    <ClInclude Include="$(OFDIR)\addons\ofxOSCSync\src\Client\DataPacket.h" />
    <ClInclude Include="$(OFDIR)\addons\ofxOSCSync\src\Client\ofxClientOSCManager.h" />
    <ClInclude Include="$(OFDIR)\addons\ofxOSCSync\src\CommonTime\ofxCommonTimeBase.h" />
    <ClInclude Include="$(OFDIR)\addons\ofxOSCSync\src\CommonTime\ofxCommonTimeOsc.h" />
    <ClInclude Include="$(OFDIR)\addons\ofxOSCSync\src\ofxOSCSync.h" />
    <ClInclude Include="$(OFDIR)\addons\ofxOSCSync\src\Server\ofxServerOscManager.h" />
    <ClInclude Include="$(OFDIR)\addons\ofxSnappy\libs\snappy\src\snappy-internal.h" />
    <ClInclude Include="$(OFDIR)\addons\ofxSnappy\libs\snappy\src\snappy-sinksource.h" />
    <ClInclude Include="$(OFDIR)\addons\ofxSnappy\libs\snappy\src\snappy-stubs-internal.h" />
    <ClInclude Include="$(OFDIR)\addons\ofxSnappy\libs\snappy\src\snappy-stubs-public.h" />
    <ClInclude Include="$(OFDIR)\addons\ofxSnappy\libs\snappy\src\snappy.h" />
    <ClInclude Include="$(OFDIR)\addons\ofxXmlSettings\src\ofxXmlSettings.h" />
    <ClInclude Include="$(OFDIR)\addons\ofxXmlSettings\libs\tinyxml.h" />
  </ItemGroup>
  <ItemGroup>
    <ResourceCompile Include="icon.rc" />
  </ItemGroup>
</Project>