<?xml version="1.0" encoding="utf-8"?>
<Project ToolsVersion="4.0" xmlns="http://schemas.microsoft.com/developer/msbuild/2003">
  <ItemGroup>
    <ClCompile Include="src\ofApp.cpp">
      <Filter>src</Filter>
    </ClCompile>
    <ClCompile Include="src\main.cpp">
      <Filter>src</Filter>
    </ClCompile>
    <ClCompile Include="src\main.cpp">
      <Filter>src</Filter>
    </ClCompile>
    <ClCompile Include="src\ofApp.cpp">
      <Filter>src</Filter>
    </ClCompile>
    <ClCompile Include="..\..\..\addons\ofxGui\src\ofxBaseGui.cpp">
      <Filter>addons\ofxGui\src</Filter>
    </ClCompile>
    <ClCompile Include="..\..\..\addons\ofxGui\src\ofxButton.cpp">
      <Filter>addons\ofxGui\src</Filter>
    </ClCompile>
    <ClCompile Include="..\..\..\addons\ofxGui\src\ofxGuiGroup.cpp">
      <Filter>addons\ofxGui\src</Filter>
    </ClCompile>
    <ClCompile Include="..\..\..\addons\ofxGui\src\ofxLabel.cpp">
      <Filter>addons\ofxGui\src</Filter>
    </ClCompile>
    <ClCompile Include="..\..\..\addons\ofxGui\src\ofxPanel.cpp">
      <Filter>addons\ofxGui\src</Filter>
    </ClCompile>
    <ClCompile Include="..\..\..\addons\ofxGui\src\ofxSlider.cpp">
      <Filter>addons\ofxGui\src</Filter>
    </ClCompile>
    <ClCompile Include="..\..\..\addons\ofxGui\src\ofxSliderGroup.cpp">
      <Filter>addons\ofxGui\src</Filter>
    </ClCompile>
    <ClCompile Include="..\..\..\addons\ofxGui\src\ofxToggle.cpp">
      <Filter>addons\ofxGui\src</Filter>
    </ClCompile>
    <ClCompile Include="..\..\..\addons\ofxOsc\src\ofxOscBundle.cpp">
      <Filter>addons\ofxOsc\src</Filter>
    </ClCompile>
    <ClCompile Include="..\..\..\addons\ofxOsc\src\ofxOscMessage.cpp">
      <Filter>addons\ofxOsc\src</Filter>
    </ClCompile>
    <ClCompile Include="..\..\..\addons\ofxOsc\src\ofxOscParameterSync.cpp">
      <Filter>addons\ofxOsc\src</Filter>
    </ClCompile>
    <ClCompile Include="..\..\..\addons\ofxOsc\src\ofxOscReceiver.cpp">
      <Filter>addons\ofxOsc\src</Filter>
    </ClCompile>
    <ClCompile Include="..\..\..\addons\ofxOsc\src\ofxOscSender.cpp">
      <Filter>addons\ofxOsc\src</Filter>
    </ClCompile>
    <ClCompile Include="..\..\..\addons\ofxOsc\libs\oscpack\src\ip\IpEndpointName.cpp">
      <Filter>addons\ofxOsc\libs\oscpack\src\ip</Filter>
    </ClCompile>
    <ClCompile Include="..\..\..\addons\ofxOsc\libs\oscpack\src\ip\posix\NetworkingUtils.cpp">
      <Filter>addons\ofxOsc\libs\oscpack\src\ip\posix</Filter>
    </ClCompile>
    <ClCompile Include="..\..\..\addons\ofxOsc\libs\oscpack\src\ip\posix\UdpSocket.cpp">
      <Filter>addons\ofxOsc\libs\oscpack\src\ip\posix</Filter>
    </ClCompile>
    <ClCompile Include="..\..\..\addons\ofxOsc\libs\oscpack\src\ip\win32\NetworkingUtilsWin.cpp">
      <Filter>addons\ofxOsc\libs\oscpack\src\ip\win32</Filter>
    </ClCompile>
    <ClCompile Include="..\..\..\addons\ofxOsc\libs\oscpack\src\ip\win32\UdpSocketWin.cpp">
      <Filter>addons\ofxOsc\libs\oscpack\src\ip\win32</Filter>
    </ClCompile>
    <ClCompile Include="..\..\..\addons\ofxOsc\libs\oscpack\src\osc\OscOutboundPacketStream.cpp">
      <Filter>addons\ofxOsc\libs\oscpack\src\osc</Filter>
    </ClCompile>
    <ClCompile Include="..\..\..\addons\ofxOsc\libs\oscpack\src\osc\OscPrintReceivedElements.cpp">
      <Filter>addons\ofxOsc\libs\oscpack\src\osc</Filter>
    </ClCompile>
    <ClCompile Include="..\..\..\addons\ofxOsc\libs\oscpack\src\osc\OscReceivedElements.cpp">
      <Filter>addons\ofxOsc\libs\oscpack\src\osc</Filter>
    </ClCompile>
    <ClCompile Include="..\..\..\addons\ofxOsc\libs\oscpack\src\osc\OscTypes.cpp">
      <Filter>addons\ofxOsc\libs\oscpack\src\osc</Filter>
    </ClCompile>
    <ClCompile Include="..\..\..\addons\ofxXmlSettings\src\ofxXmlSettings.cpp">
      <Filter>addons\ofxXmlSettings\src</Filter>
    </ClCompile>
    <ClCompile Include="..\..\..\addons\ofxXmlSettings\libs\tinyxml.cpp">
      <Filter>addons\ofxXmlSettings\libs</Filter>
    </ClCompile>
    <ClCompile Include="..\..\..\addons\ofxXmlSettings\libs\tinyxmlerror.cpp">
      <Filter>addons\ofxXmlSettings\libs</Filter>
    </ClCompile>
    <ClCompile Include="..\..\..\addons\ofxXmlSettings\libs\tinyxmlparser.cpp">
      <Filter>addons\ofxXmlSettings\libs</Filter>
    </ClCompile>
    <ClCompile Include="..\..\..\addons\ofxDepthStreamCompression\src\ofxDepthCompressedFrame.cpp">
      <Filter>addons\ofxDepthStreamCompression\src</Filter>
    </ClCompile>
    <ClCompile Include="..\..\..\addons\ofxDepthStreamCompression\src\ofxDepthOctree.cpp">
      <Filter>addons\ofxDepthStreamCompression\src</Filter>
    </ClCompile>
    <ClCompile Include="..\..\..\addons\ofxDepthStreamCompression\src\ofxDepthStreamCompression.cpp">
      <Filter>addons\ofxDepthStreamCompression\src</Filter>
    </ClCompile>
    <ClCompile Include="..\..\..\libs\openFrameworks\video\ofGstUtils.cpp">
      <Filter>other</Filter>
    </ClCompile>
    <ClCompile Include="..\..\..\libs\openFrameworks\video\ofGstVideoPlayer.cpp">
      <Filter>other</Filter>
    </ClCompile>
    <ClCompile Include="..\..\..\libs\openFrameworks\video\ofGstVideoGrabber.cpp">
      <Filter>other</Filter>
    </ClCompile>
    <ClCompile Include="..\..\..\addons\ofxGstRTP\src\ofxGstOscDoubleBuffer.cpp">
      <Filter>addons\ofxGstRTP\src</Filter>
    </ClCompile>
    <ClCompile Include="..\..\..\addons\ofxGstRTP\src\ofxGstRTPClient.cpp">
      <Filter>addons\ofxGstRTP\src</Filter>
    </ClCompile>
    <ClCompile Include="..\..\..\addons\ofxGstRTP\src\ofxGstRTPServer.cpp">
      <Filter>addons\ofxGstRTP\src</Filter>
    </ClCompile>
    <ClCompile Include="..\..\..\addons\ofxGstRTP\src\ofxGstRTPUtils.cpp">
      <Filter>addons\ofxGstRTP\src</Filter>
    </ClCompile>
    <ClCompile Include="..\..\..\addons\ofxGstRTP\src\ofxGstXMPPRTP.cpp">
      <Filter>addons\ofxGstRTP\src</Filter>
    </ClCompile>
    <ClCompile Include="..\..\..\addons\ofxGstRTP\src\ofxOscPacketPool.cpp">
      <Filter>addons\ofxGstRTP\src</Filter>
    </ClCompile>
    <ClCompile Include="..\..\..\addons\ofxGstRTP\src\ofxWebRTCAudioPool.cpp">
      <Filter>addons\ofxGstRTP\src</Filter>
    </ClCompile>
    <ClCompile Include="..\..\..\addons\ofxJSON\src\ofxJSONElement.cpp">
      <Filter>addons\ofxJSON\src</Filter>
    </ClCompile>
    <ClCompile Include="..\..\..\addons\ofxJSON\libs\jsoncpp\src\jsoncpp.cpp">
      <Filter>addons\ofxJSON\libs\jsoncpp\src</Filter>
    </ClCompile>
    <ClCompile Include="..\..\..\addons\ofxOSCSync\src\Client\ofxClientOSCManager.cpp">
      <Filter>addons\ofxOSCSync\src\Client</Filter>
    </ClCompile>
    <ClCompile Include="..\..\..\addons\ofxOSCSync\src\CommonTime\ofxCommonTimeBase.cpp">
      <Filter>addons\ofxOSCSync\src\CommonTime</Filter>
    </ClCompile>
    <ClCompile Include="..\..\..\addons\ofxOSCSync\src\CommonTime\ofxCommonTimeOsc.cpp">
      <Filter>addons\ofxOSCSync\src\CommonTime</Filter>
    </ClCompile>
    <ClCompile Include="..\..\..\addons\ofxOSCSync\src\Server\ofxServerOscManager.cpp">
      <Filter>addons\ofxOSCSync\src\Server</Filter>
    </ClCompile>
    <ClCompile Include="..\..\..\addons\ofxSnappy\libs\snappy\src\snappy-sinksource.cc">
      <Filter>addons\ofxSnappy\libs\snappy\src</Filter>
    </ClCompile>
    <ClCompile Include="..\..\..\addons\ofxSnappy\libs\snappy\src\snappy-stubs-internal.cc">
      <Filter>addons\ofxSnappy\libs\snappy\src</Filter>
    </ClCompile>
    <ClCompile Include="..\..\..\addons\ofxSnappy\libs\snappy\src\snappy.cc">
      <Filter>addons\ofxSnappy\libs\snappy\src</Filter>
    </ClCompile>
    <ClCompile Include="src\StreamManager.cpp">
      <Filter>src</Filter>
    </ClCompile>
  </ItemGroup>
  <ItemGroup>
    <Filter Include="src">
      <UniqueIdentifier>{d8376475-7454-4a24-b08a-aac121d3ad6f}</UniqueIdentifier>
    </Filter>
    <Filter Include="addons">
      <UniqueIdentifier>{71834F65-F3A9-211E-73B8-DC85}</UniqueIdentifier>
    </Filter>
    <Filter Include="addons\ofxGui">
      <UniqueIdentifier>{4F2A59AF-5F4E-704B-D067-EC13}</UniqueIdentifier>
    </Filter>
    <Filter Include="addons\ofxGui\src">
      <UniqueIdentifier>{645E9533-4DCD-6179-1CDF-CB65}</UniqueIdentifier>
    </Filter>
    <Filter Include="addons\ofxOsc">
      <UniqueIdentifier>{D91DCA33-6E5D-4481-2AEC-9FBB}</UniqueIdentifier>
    </Filter>
    <Filter Include="addons\ofxOsc\src">
      <UniqueIdentifier>{B9DD339A-D93D-92A1-0A2F-4B41}</UniqueIdentifier>
    </Filter>
    <Filter Include="addons\ofxOsc\libs">
      <UniqueIdentifier>{99ECA1D9-873F-4622-8FC0-FC7B}</UniqueIdentifier>
    </Filter>
    <Filter Include="addons\ofxOsc\libs\oscpack">
      <UniqueIdentifier>{D3A98534-1602-4FEF-57A6-6593}</UniqueIdentifier>
    </Filter>
    <Filter Include="addons\ofxOsc\libs\oscpack\src">
      <UniqueIdentifier>{BFB5BB47-98C8-BBCB-3066-1046}</UniqueIdentifier>
    </Filter>
    <Filter Include="addons\ofxOsc\libs\oscpack\src\ip">
      <UniqueIdentifier>{5A029128-EB41-95C5-CBC0-CDED}</UniqueIdentifier>
    </Filter>
    <Filter Include="addons\ofxOsc\libs\oscpack\src\ip\posix">
      <UniqueIdentifier>{354C95CF-A234-0360-C6BC-AF41}</UniqueIdentifier>
    </Filter>
    <Filter Include="addons\ofxOsc\libs\oscpack\src\ip\win32">
      <UniqueIdentifier>{79DFDFE2-400B-8654-3675-01A3}</UniqueIdentifier>
    </Filter>
    <Filter Include="addons\ofxOsc\libs\oscpack\src\osc">
      <UniqueIdentifier>{EDACB89C-9768-9551-4D41-B590}</UniqueIdentifier>
    </Filter>
    <Filter Include="addons\ofxXmlSettings">
      <UniqueIdentifier>{877F005D-13E6-0592-1D97-F2E3}</UniqueIdentifier>
    </Filter>
    <Filter Include="addons\ofxXmlSettings\src">
      <UniqueIdentifier>{CCB2AC63-49D2-977C-CFE8-AEAD}</UniqueIdentifier>
    </Filter>
    <Filter Include="addons\ofxXmlSettings\libs">
      <UniqueIdentifier>{687714A8-1662-FA1C-261F-50F0}</UniqueIdentifier>
    </Filter>
    <Filter Include="addons\ofxDepthStreamCompression">
      <UniqueIdentifier>{D453665E-518A-5146-E021-411F}</UniqueIdentifier>
    </Filter>
    <Filter Include="addons\ofxDepthStreamCompression\src">
      <UniqueIdentifier>{90FE90C7-DABD-858A-D41F-7AA6}</UniqueIdentifier>
    </Filter>
    <Filter Include="other">
      <UniqueIdentifier>{A2230F47-9F6B-908F-FF0E-E006}</UniqueIdentifier>
    </Filter>
    <Filter Include="addons\ofxGstRTP">
      <UniqueIdentifier>{460005BE-6214-F083-C608-B6E7}</UniqueIdentifier>
    </Filter>
    <Filter Include="addons\ofxGstRTP\src">
      <UniqueIdentifier>{3F0DCB24-8BA3-7D2D-D40F-FC84}</UniqueIdentifier>
    </Filter>
    <Filter Include="addons\ofxJSON">
      <UniqueIdentifier>{CF86E01B-D8D7-A112-88F3-5883}</UniqueIdentifier>
    </Filter>
    <Filter Include="addons\ofxJSON\src">
      <UniqueIdentifier>{CE83AFE9-FE4A-682E-D5C9-50B4}</UniqueIdentifier>
    </Filter>
    <Filter Include="addons\ofxJSON\libs">
      <UniqueIdentifier>{5302B3F8-ECDD-0465-334A-F39E}</UniqueIdentifier>
    </Filter>
    <Filter Include="addons\ofxJSON\libs\jsoncpp">
      <UniqueIdentifier>{87D6C548-39D9-FD9F-093E-9F4E}</UniqueIdentifier>
    </Filter>
    <Filter Include="addons\ofxJSON\libs\jsoncpp\include">
      <UniqueIdentifier>{0B6CA981-484E-6E8C-776C-7298}</UniqueIdentifier>
    </Filter>
    <Filter Include="addons\ofxJSON\libs\jsoncpp\include\json">
      <UniqueIdentifier>{5FF260B2-1497-3EFE-19D5-40DB}</UniqueIdentifier>
    </Filter>
    <Filter Include="addons\ofxJSON\libs\jsoncpp\src">
      <UniqueIdentifier>{6D569A5B-6719-AEFD-C08E-5CE5}</UniqueIdentifier>
    </Filter>
    <Filter Include="addons\ofxOSCSync">
      <UniqueIdentifier>{D4D2AC4A-C70D-7C28-1E09-2D92}</UniqueIdentifier>
    </Filter>
    <Filter Include="addons\ofxOSCSync\src">
      <UniqueIdentifier>{435144F2-0DE1-28BB-A454-8DEA}</UniqueIdentifier>
    </Filter>
    <Filter Include="addons\ofxOSCSync\src\Client">
      <UniqueIdentifier>{427FEAFA-4F13-4DC2-D99E-0DE8}</UniqueIdentifier>
    </Filter>
    <Filter Include="addons\ofxOSCSync\src\CommonTime">
      <UniqueIdentifier>{7273AE72-8473-3C96-33C2-27ED}</UniqueIdentifier>
    </Filter>
    <Filter Include="addons\ofxOSCSync\src\Server">
      <UniqueIdentifier>{496B15CF-12ED-EEEC-15A8-5445}</UniqueIdentifier>
    </Filter>
    <Filter Include="addons\ofxSnappy">
      <UniqueIdentifier>{DB70D013-75D8-575C-EA45-2947}</UniqueIdentifier>
    </Filter>
    <Filter Include="addons\ofxSnappy\libs">
      <UniqueIdentifier>{C1F90A20-E62F-BB24-F107-1E3D}</UniqueIdentifier>
    </Filter>
    <Filter Include="addons\ofxSnappy\libs\snappy">
      <UniqueIdentifier>{B42014E1-8179-7121-D352-771A}</UniqueIdentifier>
    </Filter>
    <Filter Include="addons\ofxSnappy\libs\snappy\src">
      <UniqueIdentifier>{E7F08E2E-BF4C-713F-343E-C865}</UniqueIdentifier>
    </Filter>
  </ItemGroup>
  <ItemGroup>
    <ClInclude Include="src\ofApp.h">
      <Filter>src</Filter>
    </ClInclude>
    <ClInclude Include="src\ofApp.h">
      <Filter>src</Filter>
    </ClInclude>
    <ClInclude Include="..\..\..\addons\ofxGui\src\ofxBaseGui.h">
      <Filter>addons\ofxGui\src</Filter>
    </ClInclude>
    <ClInclude Include="..\..\..\addons\ofxGui\src\ofxButton.h">
      <Filter>addons\ofxGui\src</Filter>
    </ClInclude>
    <ClInclude Include="..\..\..\addons\ofxGui\src\ofxGui.h">
      <Filter>addons\ofxGui\src</Filter>
    </ClInclude>
    <ClInclude Include="..\..\..\addons\ofxGui\src\ofxGuiGroup.h">
      <Filter>addons\ofxGui\src</Filter>
    </ClInclude>
    <ClInclude Include="..\..\..\addons\ofxGui\src\ofxLabel.h">
      <Filter>addons\ofxGui\src</Filter>
    </ClInclude>
    <ClInclude Include="..\..\..\addons\ofxGui\src\ofxPanel.h">
      <Filter>addons\ofxGui\src</Filter>
    </ClInclude>
    <ClInclude Include="..\..\..\addons\ofxGui\src\ofxSlider.h">
      <Filter>addons\ofxGui\src</Filter>
    </ClInclude>
    <ClInclude Include="..\..\..\addons\ofxGui\src\ofxSliderGroup.h">
      <Filter>addons\ofxGui\src</Filter>
    </ClInclude>
    <ClInclude Include="..\..\..\addons\ofxGui\src\ofxToggle.h">
      <Filter>addons\ofxGui\src</Filter>
    </ClInclude>
    <ClInclude Include="..\..\..\addons\ofxOsc\src\ofxOsc.h">
      <Filter>addons\ofxOsc\src</Filter>
    </ClInclude>
    <ClInclude Include="..\..\..\addons\ofxOsc\src\ofxOscArg.h">
      <Filter>addons\ofxOsc\src</Filter>
    </ClInclude>
    <ClInclude Include="..\..\..\addons\ofxOsc\src\ofxOscBundle.h">
      <Filter>addons\ofxOsc\src</Filter>
    </ClInclude>
    <ClInclude Include="..\..\..\addons\ofxOsc\src\ofxOscMessage.h">
      <Filter>addons\ofxOsc\src</Filter>
    </ClInclude>
    <ClInclude Include="..\..\..\addons\ofxOsc\src\ofxOscParameterSync.h">
      <Filter>addons\ofxOsc\src</Filter>
    </ClInclude>
    <ClInclude Include="..\..\..\addons\ofxOsc\src\ofxOscReceiver.h">
      <Filter>addons\ofxOsc\src</Filter>
    </ClInclude>
    <ClInclude Include="..\..\..\addons\ofxOsc\src\ofxOscSender.h">
      <Filter>addons\ofxOsc\src</Filter>
    </ClInclude>
    <ClInclude Include="..\..\..\addons\ofxOsc\libs\oscpack\src\ip\IpEndpointName.h">
      <Filter>addons\ofxOsc\libs\oscpack\src\ip</Filter>
    </ClInclude>
    <ClInclude Include="..\..\..\addons\ofxOsc\libs\oscpack\src\ip\NetworkingUtils.h">
      <Filter>addons\ofxOsc\libs\oscpack\src\ip</Filter>
    </ClInclude>
    <ClInclude Include="..\..\..\addons\ofxOsc\libs\oscpack\src\ip\PacketListener.h">
      <Filter>addons\ofxOsc\libs\oscpack\src\ip</Filter>
    </ClInclude>
    <ClInclude Include="..\..\..\addons\ofxOsc\libs\oscpack\src\ip\TimerListener.h">
      <Filter>addons\ofxOsc\libs\oscpack\src\ip</Filter>
    </ClInclude>
    <ClInclude Include="..\..\..\addons\ofxOsc\libs\oscpack\src\ip\UdpSocket.h">
      <Filter>addons\ofxOsc\libs\oscpack\src\ip</Filter>
    </ClInclude>
    <ClInclude Include="..\..\..\addons\ofxOsc\libs\oscpack\src\osc\MessageMappingOscPacketListener.h">
      <Filter>addons\ofxOsc\libs\oscpack\src\osc</Filter>
    </ClInclude>
    <ClInclude Include="..\..\..\addons\ofxOsc\libs\oscpack\src\osc\OscException.h">
      <Filter>addons\ofxOsc\libs\oscpack\src\osc</Filter>
    </ClInclude>
    <ClInclude Include="..\..\..\addons\ofxOsc\libs\oscpack\src\osc\OscHostEndianness.h">
      <Filter>addons\ofxOsc\libs\oscpack\src\osc</Filter>
    </ClInclude>
    <ClInclude Include="..\..\..\addons\ofxOsc\libs\oscpack\src\osc\OscOutboundPacketStream.h">
      <Filter>addons\ofxOsc\libs\oscpack\src\osc</Filter>
    </ClInclude>
    <ClInclude Include="..\..\..\addons\ofxOsc\libs\oscpack\src\osc\OscPacketListener.h">
      <Filter>addons\ofxOsc\libs\oscpack\src\osc</Filter>
    </ClInclude>
    <ClInclude Include="..\..\..\addons\ofxOsc\libs\oscpack\src\osc\OscPrintReceivedElements.h">
      <Filter>addons\ofxOsc\libs\oscpack\src\osc</Filter>
    </ClInclude>
    <ClInclude Include="..\..\..\addons\ofxOsc\libs\oscpack\src\osc\OscReceivedElements.h">
      <Filter>addons\ofxOsc\libs\oscpack\src\osc</Filter>
    </ClInclude>
    <ClInclude Include="..\..\..\addons\ofxOsc\libs\oscpack\src\osc\OscTypes.h">
      <Filter>addons\ofxOsc\libs\oscpack\src\osc</Filter>
    </ClInclude>
    <ClInclude Include="..\..\..\addons\ofxXmlSettings\src\ofxXmlSettings.h">
      <Filter>addons\ofxXmlSettings\src</Filter>
    </ClInclude>
    <ClInclude Include="..\..\..\addons\ofxXmlSettings\libs\tinyxml.h">
      <Filter>addons\ofxXmlSettings\libs</Filter>
    </ClInclude>
    <ClInclude Include="..\..\..\addons\ofxDepthStreamCompression\src\ofxCompress.h">
      <Filter>addons\ofxDepthStreamCompression\src</Filter>
    </ClInclude>
    <ClInclude Include="..\..\..\addons\ofxDepthStreamCompression\src\ofxDepthCompressedFrame.h">
      <Filter>addons\ofxDepthStreamCompression\src</Filter>
    </ClInclude>
    <ClInclude Include="..\..\..\addons\ofxDepthStreamCompression\src\ofxDepthOctree.h">
      <Filter>addons\ofxDepthStreamCompression\src</Filter>
    </ClInclude>
    <ClInclude Include="..\..\..\addons\ofxDepthStreamCompression\src\ofxDepthStreamCompression.h">
      <Filter>addons\ofxDepthStreamCompression\src</Filter>
    </ClInclude>
    <ClInclude Include="..\..\..\libs\openFrameworks\video\ofGstUtils.h">
      <Filter>other</Filter>
    </ClInclude>
    <ClInclude Include="..\..\..\libs\openFrameworks\video\ofGstVideoPlayer.h">
      <Filter>other</Filter>
    </ClInclude>
    <ClInclude Include="..\..\..\libs\openFrameworks\video\ofGstVideoGrabber.h">
      <Filter>other</Filter>
    </ClInclude>
    <ClInclude Include="..\..\..\addons\ofxGstRTP\src\ofxGstOscDoubleBuffer.h">
      <Filter>addons\ofxGstRTP\src</Filter>
    </ClInclude>
    <ClInclude Include="..\..\..\addons\ofxGstRTP\src\ofxGstPixelsPool.h">
      <Filter>addons\ofxGstRTP\src</Filter>
    </ClInclude>
    <ClInclude Include="..\..\..\addons\ofxGstRTP\src\ofxGstRTPClient.h">
      <Filter>addons\ofxGstRTP\src</Filter>
    </ClInclude>
    <ClInclude Include="..\..\..\addons\ofxGstRTP\src\ofxGstRTPConstants.h">
      <Filter>addons\ofxGstRTP\src</Filter>
    </ClInclude>
    <ClInclude Include="..\..\..\addons\ofxGstRTP\src\ofxGstRTPServer.h">
      <Filter>addons\ofxGstRTP\src</Filter>
    </ClInclude>
    <ClInclude Include="..\..\..\addons\ofxGstRTP\src\ofxGstRTPUtils.h">
      <Filter>addons\ofxGstRTP\src</Filter>
    </ClInclude>
    <ClInclude Include="..\..\..\addons\ofxGstRTP\src\ofxGstVideoDoubleBuffer.h">
      <Filter>addons\ofxGstRTP\src</Filter>
    </ClInclude>
    <ClInclude Include="..\..\..\addons\ofxGstRTP\src\ofxGstXMPPRTP.h">
      <Filter>addons\ofxGstRTP\src</Filter>
    </ClInclude>
    <ClInclude Include="..\..\..\addons\ofxGstRTP\src\ofxOscPacketPool.h">
      <Filter>addons\ofxGstRTP\src</Filter>
    </ClInclude>
    <ClInclude Include="..\..\..\addons\ofxGstRTP\src\ofxWebRTCAudioPool.h">
      <Filter>addons\ofxGstRTP\src</Filter>
    </ClInclude>
    <ClInclude Include="..\..\..\addons\ofxJSON\src\ofxJSON.h">
      <Filter>addons\ofxJSON\src</Filter>
    </ClInclude>
    <ClInclude Include="..\..\..\addons\ofxJSON\src\ofxJSONElement.h">
      <Filter>addons\ofxJSON\src</Filter>
    </ClInclude>
    <ClInclude Include="..\..\..\addons\ofxJSON\libs\jsoncpp\include\json\json-forwards.h">
      <Filter>addons\ofxJSON\libs\jsoncpp\include\json</Filter>
    </ClInclude>
    <ClInclude Include="..\..\..\addons\ofxJSON\libs\jsoncpp\include\json\json.h">
      <Filter>addons\ofxJSON\libs\jsoncpp\include\json</Filter>
    </ClInclude>
    <ClInclude Include="..\..\..\addons\ofxOSCSync\src\Client\DataPacket.h">
      <Filter>addons\ofxOSCSync\src\Client</Filter>
    </ClInclude>
    <ClInclude Include="..\..\..\addons\ofxOSCSync\src\Client\ofxClientOSCManager.h">
      <Filter>addons\ofxOSCSync\src\Client</Filter>
    </ClInclude>
    <ClInclude Include="..\..\..\addons\ofxOSCSync\src\CommonTime\ofxCommonTimeBase.h">
      <Filter>addons\ofxOSCSync\src\CommonTime</Filter>
    </ClInclude>
    <ClInclude Include="..\..\..\addons\ofxOSCSync\src\CommonTime\ofxCommonTimeOsc.h">
      <Filter>addons\ofxOSCSync\src\CommonTime</Filter>
    </ClInclude>
    <ClInclude Include="..\..\..\addons\ofxOSCSync\src\ofxOSCSync.h">
      <Filter>addons\ofxOSCSync\src</Filter>
    </ClInclude>
    <ClInclude Include="..\..\..\addons\ofxOSCSync\src\Server\ofxServerOscManager.h">
      <Filter>addons\ofxOSCSync\src\Server</Filter>
    </ClInclude>
    <ClInclude Include="..\..\..\addons\ofxSnappy\libs\snappy\src\snappy-internal.h">
      <Filter>addons\ofxSnappy\libs\snappy\src</Filter>
    </ClInclude>
    <ClInclude Include="..\..\..\addons\ofxSnappy\libs\snappy\src\snappy-sinksource.h">
      <Filter>addons\ofxSnappy\libs\snappy\src</Filter>
    </ClInclude>
    <ClInclude Include="..\..\..\addons\ofxSnappy\libs\snappy\src\snappy-stubs-internal.h">
      <Filter>addons\ofxSnappy\libs\snappy\src</Filter>
    </ClInclude>
    <ClInclude Include="..\..\..\addons\ofxSnappy\libs\snappy\src\snappy-stubs-public.h">
      <Filter>addons\ofxSnappy\libs\snappy\src</Filter>
    </ClInclude>
    <ClInclude Include="..\..\..\addons\ofxSnappy\libs\snappy\src\snappy.h">
      <Filter>addons\ofxSnappy\libs\snappy\src</Filter>
    </ClInclude>
    <ClInclude Include="src\StreamManager.h">
      <Filter>src</Filter>
    </ClInclude>
  </ItemGroup>
  <ItemGroup>
    <ResourceCompile Include="icon.rc" />
  </ItemGroup>
</Project>