<?xml version="1.0" encoding="utf-8"?>
<Project ToolsVersion="4.0" xmlns="http://schemas.microsoft.com/developer/msbuild/2003">
  <ItemGroup>
    <ClCompile Include="src\main.cpp">
      <Filter>src</Filter>
    </ClCompile>
    <ClCompile Include="src\ThreeSixtyUnwrap.cpp">
      <Filter>src</Filter>
    </ClCompile>
    <ClCompile Include="..\sharedCode\StreamManager.cpp">
      <Filter>src</Filter>
    </ClCompile>
    <ClCompile Include="$(OFDIR)\addons\ofxOpenCv\src\ofxCvColorImage.cpp">
      <Filter>addons\ofxOpenCv</Filter>
    </ClCompile>
    <ClCompile Include="$(OFDIR)\addons\ofxOpenCv\src\ofxCvContourFinder.cpp">
      <Filter>addons\ofxOpenCv</Filter>
    </ClCompile>
    <ClCompile Include="$(OFDIR)\addons\ofxOpenCv\src\ofxCvFloatImage.cpp">
      <Filter>addons\ofxOpenCv</Filter>
    </ClCompile>
    <ClCompile Include="$(OFDIR)\addons\ofxOpenCv\src\ofxCvGrayscaleImage.cpp">
      <Filter>addons\ofxOpenCv</Filter>
    </ClCompile>
    <ClCompile Include="$(OFDIR)\addons\ofxOpenCv\src\ofxCvHaarFinder.cpp">
      <Filter>addons\ofxOpenCv</Filter>
    </ClCompile>
    <ClCompile Include="$(OFDIR)\addons\ofxOpenCv\src\ofxCvImage.cpp">
      <Filter>addons\ofxOpenCv</Filter>
    </ClCompile>
    <ClCompile Include="$(OFDIR)\addons\ofxOpenCv\src\ofxCvShortImage.cpp">
      <Filter>addons\ofxOpenCv</Filter>
    </ClCompile>
    <ClCompile Include="$(OFDIR)\addons\ofxXmlSettings\src\ofxXmlSettings.cpp">
      <Filter>addons\ofxXmlSettings</Filter>
    </ClCompile>
    <ClCompile Include="$(OFDIR)\addons\ofxXmlSettings\libs\tinyxml.cpp">
      <Filter>addons\ofxXmlSettings</Filter>
    </ClCompile>
    <ClCompile Include="$(OFDIR)\addons\ofxXmlSettings\libs\tinyxmlerror.cpp">
      <Filter>addons\ofxXmlSettings</Filter>
    </ClCompile>
    <ClCompile Include="$(OFDIR)\addons\ofxXmlSettings\libs\tinyxmlparser.cpp">
      <Filter>addons\ofxXmlSettings</Filter>
    </ClCompile>
    <ClCompile Include="$(OFDIR)\addons\ofxArgParser\src\ofxArgParser.cpp">
      <Filter>addons\ofxArgParser</Filter>
    </ClCompile>
    <ClCompile Include="$(OFDIR)\addons\ofxPlaylist\src\Easings\ofxEasing.cpp">
      <Filter>addons\ofxPlaylist</Filter>
    </ClCompile>
    <ClCompile Include="$(OFDIR)\addons\ofxPlaylist\src\Easings\ofxEasingBack.cpp">
      <Filter>addons\ofxPlaylist</Filter>
    </ClCompile>
    <ClCompile Include="$(OFDIR)\addons\ofxPlaylist\src\Easings\ofxEasingBounce.cpp">
      <Filter>addons\ofxPlaylist</Filter>
    </ClCompile>
    <ClCompile Include="$(OFDIR)\addons\ofxPlaylist\src\Easings\ofxEasingCirc.cpp">
      <Filter>addons\ofxPlaylist</Filter>
    </ClCompile>
    <ClCompile Include="$(OFDIR)\addons\ofxPlaylist\src\Easings\ofxEasingCubic.cpp">
      <Filter>addons\ofxPlaylist</Filter>
    </ClCompile>
    <ClCompile Include="$(OFDIR)\addons\ofxPlaylist\src\Easings\ofxEasingElastic.cpp">
      <Filter>addons\ofxPlaylist</Filter>
    </ClCompile>
    <ClCompile Include="$(OFDIR)\addons\ofxPlaylist\src\Easings\ofxEasingExpo.cpp">
      <Filter>addons\ofxPlaylist</Filter>
    </ClCompile>
    <ClCompile Include="$(OFDIR)\addons\ofxPlaylist\src\Easings\ofxEasingLinear.cpp">
      <Filter>addons\ofxPlaylist</Filter>
    </ClCompile>
    <ClCompile Include="$(OFDIR)\addons\ofxPlaylist\src\Easings\ofxEasingQuad.cpp">
      <Filter>addons\ofxPlaylist</Filter>
    </ClCompile>
    <ClCompile Include="$(OFDIR)\addons\ofxPlaylist\src\Easings\ofxEasingQuart.cpp">
      <Filter>addons\ofxPlaylist</Filter>
    </ClCompile>
    <ClCompile Include="$(OFDIR)\addons\ofxPlaylist\src\Easings\ofxEasingQuint.cpp">
      <Filter>addons\ofxPlaylist</Filter>
    </ClCompile>
    <ClCompile Include="$(OFDIR)\addons\ofxPlaylist\src\Easings\ofxEasingSine.cpp">
      <Filter>addons\ofxPlaylist</Filter>
    </ClCompile>
    <ClCompile Include="$(OFDIR)\addons\ofxPlaylist\src\ofxEventKeyframe.cpp">
      <Filter>addons\ofxPlaylist</Filter>
    </ClCompile>
    <ClCompile Include="$(OFDIR)\addons\ofxPlaylist\src\ofxKeyframe.cpp">
      <Filter>addons\ofxPlaylist</Filter>
    </ClCompile>
    <ClCompile Include="$(OFDIR)\addons\ofxPlaylist\src\ofxPlaylist.cpp">
      <Filter>addons\ofxPlaylist</Filter>
    </ClCompile>
    <ClCompile Include="$(OFDIR)\addons\ofxOsc\src\ofxOscBundle.cpp">
      <Filter>addons\ofxOsc</Filter>
    </ClCompile>
    <ClCompile Include="$(OFDIR)\addons\ofxOsc\src\ofxOscMessage.cpp">
      <Filter>addons\ofxOsc</Filter>
    </ClCompile>
    <ClCompile Include="$(OFDIR)\addons\ofxOsc\src\ofxOscParameterSync.cpp">
      <Filter>addons\ofxOsc</Filter>
    </ClCompile>
    <ClCompile Include="$(OFDIR)\addons\ofxOsc\src\ofxOscReceiver.cpp">
      <Filter>addons\ofxOsc</Filter>
    </ClCompile>
    <ClCompile Include="$(OFDIR)\addons\ofxOsc\src\ofxOscSender.cpp">
      <Filter>addons\ofxOsc</Filter>
    </ClCompile>
    <ClCompile Include="$(OFDIR)\addons\ofxOsc\libs\oscpack\src\osc\OscOutboundPacketStream.cpp">
      <Filter>addons\ofxOsc</Filter>
    </ClCompile>
    <ClCompile Include="$(OFDIR)\addons\ofxOsc\libs\oscpack\src\osc\OscPrintReceivedElements.cpp">
      <Filter>addons\ofxOsc</Filter>
    </ClCompile>
    <ClCompile Include="$(OFDIR)\addons\ofxOsc\libs\oscpack\src\osc\OscReceivedElements.cpp">
      <Filter>addons\ofxOsc</Filter>
    </ClCompile>
    <ClCompile Include="$(OFDIR)\addons\ofxOsc\libs\oscpack\src\osc\OscTypes.cpp">
      <Filter>addons\ofxOsc</Filter>
    </ClCompile>
    <ClCompile Include="$(OFDIR)\addons\ofxOsc\libs\oscpack\src\ip\posix\UdpSocket.cpp">
      <Filter>addons\ofxOsc</Filter>
    </ClCompile>
    <ClCompile Include="$(OFDIR)\addons\ofxOsc\libs\oscpack\src\ip\win32\UdpSocketWin.cpp">
      <Filter>addons\ofxOsc</Filter>
    </ClCompile>
    <ClCompile Include="$(OFDIR)\addons\ofxCv\libs\ofxCv\src\RunningBackground.cpp">
      <Filter>addons\ofxOpenCv</Filter>
    </ClCompile>
    <ClCompile Include="$(OFDIR)\addons\ofxCv\libs\ofxCv\src\Distance.cpp">
      <Filter>addons\ofxCv</Filter>
    </ClCompile>
    <ClCompile Include="$(OFDIR)\addons\ofxCv\libs\ofxCv\src\ContourFinder.cpp">
      <Filter>addons\ofxCv</Filter>
    </ClCompile>
    <ClCompile Include="$(OFDIR)\addons\ofxCv\libs\ofxCv\src\Calibration.cpp">
      <Filter>addons\ofxCv</Filter>
    </ClCompile>
    <ClCompile Include="$(OFDIR)\addons\ofxCv\libs\ofxCv\src\Tracker.cpp">
      <Filter>addons\ofxCv</Filter>
    </ClCompile>
    <ClCompile Include="$(OFDIR)\addons\ofxCv\libs\ofxCv\src\Utilities.cpp">
      <Filter>addons\ofxCv</Filter>
    </ClCompile>
    <ClCompile Include="$(OFDIR)\addons\ofxCv\libs\ofxCv\src\Wrappers.cpp">
      <Filter>addons\ofxCv</Filter>
    </ClCompile>
    <ClCompile Include="$(OFDIR)\addons\ofxCv\libs\ofxCv\src\Helpers.cpp">
      <Filter>addons\ofxCv</Filter>
    </ClCompile>
    <ClCompile Include="$(OFDIR)\addons\ofxCv\libs\ofxCv\src\Flow.cpp">
      <Filter>addons\ofxCv</Filter>
    </ClCompile>
    <ClCompile Include="$(OFDIR)\addons\ofxOsc\libs\oscpack\src\ip\IpEndpointName.cpp">
      <Filter>addons\ofxOsc</Filter>
    </ClCompile>
    <ClCompile Include="$(OFDIR)\addons\ofxOsc\libs\oscpack\src\ip\win32\NetworkingUtilsWin.cpp">
      <Filter>addons\ofxOsc</Filter>
    </ClCompile>
    <ClCompile Include="$(OFDIR)\addons\ofxOsc\libs\oscpack\src\ip\posix\NetworkingUtils.cpp">
      <Filter>addons\ofxOsc</Filter>
    </ClCompile>
    <ClCompile Include="$(OFDIR)\addons\ofxCv\libs\ofxCv\src\Kalman.cpp">
      <Filter>addons\ofxCv</Filter>
    </ClCompile>
    <ClCompile Include="$(OFDIR)\addons\ofxCv\libs\ofxCv\src\ObjectFinder.cpp">
      <Filter>addons\ofxCv</Filter>
    </ClCompile>
    <ClCompile Include="$(OFDIR)\addons\ofxSnappy\libs\snappy\src\snappy-stubs-internal.cc">
      <Filter>addons\ofxSnappy</Filter>
    </ClCompile>
    <ClCompile Include="$(OFDIR)\addons\ofxSnappy\libs\snappy\src\snappy.cc">
      <Filter>addons\ofxSnappy</Filter>
    </ClCompile>
    <ClCompile Include="$(OFDIR)\addons\ofxSnappy\libs\snappy\src\snappy-sinksource.cc">
      <Filter>addons\ofxSnappy</Filter>
    </ClCompile>
    <ClCompile Include="$(OFDIR)\addons\ofxJSON\libs\jsoncpp\src\jsoncpp.cpp">
      <Filter>addons\ofxJSON</Filter>
    </ClCompile>
    <ClCompile Include="$(OFDIR)\libs\openFrameworks\utils\ofFileUtils.cpp">
      <Filter>openFrameworks</Filter>
    </ClCompile>
    <ClCompile Include="$(OFDIR)\libs\openFrameworks\video\ofGstUtils.cpp">
      <Filter>openFrameworks</Filter>
    </ClCompile>
    <ClCompile Include="$(OFDIR)\libs\openFrameworks\utils\ofLog.cpp">
      <Filter>openFrameworks</Filter>
    </ClCompile>
    <ClCompile Include="$(OFDIR)\libs\openFrameworks\utils\ofMatrixStack.cpp">
      <Filter>openFrameworks</Filter>
    </ClCompile>
    <ClCompile Include="$(OFDIR)\libs\openFrameworks\utils\ofSystemUtils.cpp">
      <Filter>openFrameworks</Filter>
    </ClCompile>
    <ClCompile Include="$(OFDIR)\libs\openFrameworks\utils\ofThread.cpp">
      <Filter>openFrameworks</Filter>
    </ClCompile>
    <ClCompile Include="$(OFDIR)\libs\openFrameworks\utils\ofURLFileLoader.cpp">
      <Filter>openFrameworks</Filter>
    </ClCompile>
    <ClCompile Include="$(OFDIR)\libs\openFrameworks\utils\ofUtils.cpp">
      <Filter>openFrameworks</Filter>
    </ClCompile>
    <ClCompile Include="$(OFDIR)\addons\ofxGui\src\ofxButton.cpp">
      <Filter>addons\ofxGui</Filter>
    </ClCompile>
    <ClCompile Include="$(OFDIR)\addons\ofxGui\src\ofxBaseGui.cpp">
      <Filter>addons\ofxGui</Filter>
    </ClCompile>
    <ClCompile Include="$(OFDIR)\addons\ofxOSCSync\src\CommonTime\ofxCommonTimeBase.cpp">
      <Filter>addons\ofxOSCSync\CommonTime</Filter>
    </ClCompile>
    <ClCompile Include="$(OFDIR)\addons\ofxOSCSync\src\CommonTime\ofxCommonTimeOsc.cpp">
      <Filter>addons\ofxOSCSync\CommonTime</Filter>
    </ClCompile>
    <ClCompile Include="$(OFDIR)\addons\ofxOSCSync\src\Client\ofxClientOSCManager.cpp">
      <Filter>addons\ofxOSCSync\Client</Filter>
    </ClCompile>
    <ClCompile Include="$(OFDIR)\addons\ofxDepthStreamCompression\src\ofxDepthStreamCompression.cpp">
      <Filter>addons\ofxDepthStreamCompression</Filter>
    </ClCompile>
    <ClCompile Include="$(OFDIR)\addons\ofxDepthStreamCompression\src\ofxDepthOctree.cpp">
      <Filter>addons\ofxDepthStreamCompression</Filter>
    </ClCompile>
    <ClCompile Include="$(OFDIR)\addons\ofxDepthStreamCompression\src\ofxDepthCompressedFrame.cpp">
      <Filter>addons\ofxDepthStreamCompression</Filter>
    </ClCompile>
    <ClCompile Include="$(OFDIR)\addons\ofxGstRTP\src\ofxGstXMPPRTP.cpp">
      <Filter>addons\ofxGstRTP</Filter>
    </ClCompile>
    <ClCompile Include="$(OFDIR)\addons\ofxGstRTP\src\ofxGstRTPUtils.cpp">
      <Filter>addons\ofxGstRTP</Filter>
    </ClCompile>
    <ClCompile Include="$(OFDIR)\addons\ofxGstRTP\src\ofxGstRTPServer.cpp">
      <Filter>addons\ofxGstRTP</Filter>
    </ClCompile>
    <ClCompile Include="$(OFDIR)\addons\ofxGstRTP\src\ofxGstRTPClient.cpp">
      <Filter>addons\ofxGstRTP</Filter>
    </ClCompile>
    <ClCompile Include="$(OFDIR)\addons\ofxGstRTP\src\ofxGstOscDoubleBuffer.cpp">
      <Filter>addons\ofxGstRTP</Filter>
    </ClCompile>
    <ClCompile Include="$(OFDIR)\addons\ofxGui\src\ofxGuiGroup.cpp">
      <Filter>addons\ofxGui</Filter>
    </ClCompile>
    <ClCompile Include="$(OFDIR)\addons\ofxJSON\src\ofxJSONElement.cpp">
      <Filter>addons\ofxJSON</Filter>
    </ClCompile>
    <ClCompile Include="$(OFDIR)\libs\openFrameworks\utils\ofXml.cpp">
      <Filter>openFrameworks</Filter>
    </ClCompile>
    <ClCompile Include="$(OFDIR)\addons\ofxGui\src\ofxPanel.cpp">
      <Filter>addons\ofxGui</Filter>
    </ClCompile>
    <ClCompile Include="$(OFDIR)\addons\ofxGui\src\ofxLabel.cpp">
      <Filter>addons\ofxGui</Filter>
    </ClCompile>
    <ClCompile Include="$(OFDIR)\addons\ofxGstRTP\src\ofxOscPacketPool.cpp">
      <Filter>addons\ofxGstRTP</Filter>
    </ClCompile>
    <ClCompile Include="$(OFDIR)\addons\ofxGui\src\ofxToggle.cpp">
      <Filter>addons\ofxGui</Filter>
    </ClCompile>
    <ClCompile Include="$(OFDIR)\addons\ofxGui\src\ofxSliderGroup.cpp">
      <Filter>addons\ofxGui</Filter>
    </ClCompile>
    <ClCompile Include="$(OFDIR)\addons\ofxGui\src\ofxSlider.cpp">
      <Filter>addons\ofxGui</Filter>
    </ClCompile>
    <ClCompile Include="$(OFDIR)\addons\ofxGstRTP\src\ofxWebRTCAudioPool.cpp">
      <Filter>addons\ofxGstRTP</Filter>
    </ClCompile>
    <ClCompile Include="$(OFDIR)\addons\ofxOSCSync\src\Server\ofxServerOscManager.cpp">
      <Filter>addons\ofxOSCSync\Server</Filter>
    </ClCompile>
    <ClCompile Include="src\TotemDisplay.cpp">
      <Filter>src</Filter>
    </ClCompile>
    <ClCompile Include="src\Utils.cpp">
      <Filter>src</Filter>
    </ClCompile>
    <ClCompile Include="src\ofTotemApp.cpp">
      <Filter>src</Filter>
    </ClCompile>
    <ClCompile Include="src\ofRemoteApp.cpp">
      <Filter>src</Filter>
    </ClCompile>
  </ItemGroup>
  <ItemGroup>
    <Filter Include="src">
      <UniqueIdentifier>{d8376475-7454-4a24-b08a-aac121d3ad6f}</UniqueIdentifier>
    </Filter>
    <Filter Include="addons">
      <UniqueIdentifier>{bec41f44-83c9-4d4e-bc97-ace6c7977e0a}</UniqueIdentifier>
    </Filter>
    <Filter Include="addons\ofxOsc">
      <UniqueIdentifier>{a66c0ef5-cd8a-4322-ab11-db12c29ba1d7}</UniqueIdentifier>
    </Filter>
    <Filter Include="addons\ofxPlaylist">
      <UniqueIdentifier>{b78fc563-8772-4a16-94e4-a923f1decdff}</UniqueIdentifier>
    </Filter>
    <Filter Include="openFrameworks">
      <UniqueIdentifier>{85b3351d-56bc-44d2-9d7d-fee94d4e612e}</UniqueIdentifier>
    </Filter>
    <Filter Include="addons\ofxOpenCv">
      <UniqueIdentifier>{d42f66d9-e093-4564-9b5e-be387717e014}</UniqueIdentifier>
    </Filter>
    <Filter Include="addons\ofxXmlSettings">
      <UniqueIdentifier>{a2bd155d-ab06-49a9-8c72-67e1418b68e7}</UniqueIdentifier>
    </Filter>
    <Filter Include="addons\ofxJSON">
      <UniqueIdentifier>{8945de9e-d1d6-4b9a-8526-4f4423f372c7}</UniqueIdentifier>
    </Filter>
    <Filter Include="addons\ofxGstRTP">
      <UniqueIdentifier>{478d4b8e-ed78-4896-aed6-3ddae9bcb56c}</UniqueIdentifier>
    </Filter>
    <Filter Include="addons\ofxSnappy">
      <UniqueIdentifier>{c542e8ab-d96a-4fae-b6ed-1c4c3d5ab614}</UniqueIdentifier>
    </Filter>
    <Filter Include="addons\ofxOSCSync">
      <UniqueIdentifier>{7e9a9a3e-bf33-40d3-bec5-4ef18cbf70b2}</UniqueIdentifier>
    </Filter>
    <Filter Include="addons\ofxOSCSync\Client">
      <UniqueIdentifier>{93c21d6b-5978-4cbd-b45d-42ab6849de23}</UniqueIdentifier>
    </Filter>
    <Filter Include="addons\ofxOSCSync\Server">
      <UniqueIdentifier>{68cb9866-1e48-4614-a4a3-9930b33b2d6f}</UniqueIdentifier>
    </Filter>
    <Filter Include="addons\ofxOSCSync\CommonTime">
      <UniqueIdentifier>{7e3a41fe-52e2-4872-aa9f-c4059b872f29}</UniqueIdentifier>
    </Filter>
    <Filter Include="addons\ofxGui">
      <UniqueIdentifier>{7763e4cb-357f-46d0-b1ea-a167bce6d742}</UniqueIdentifier>
    </Filter>
    <Filter Include="addons\ofxDepthStreamCompression">
      <UniqueIdentifier>{f7c63c4b-c65b-4c22-a6ba-d5749706072a}</UniqueIdentifier>
    </Filter>
    <Filter Include="addons\ofxArgParser">
      <UniqueIdentifier>{c1d9960f-b67a-42b4-bdd3-120bb1c4f801}</UniqueIdentifier>
    </Filter>
    <Filter Include="addons\ofxCv">
      <UniqueIdentifier>{a86c01d9-e008-401b-b54f-38ec962fc8a7}</UniqueIdentifier>
    </Filter>
  </ItemGroup>
  <ItemGroup>
    <ClInclude Include="src\ThreeSixtyUnwrap.h">
      <Filter>src</Filter>
    </ClInclude>
    <ClInclude Include="..\sharedCode\StreamManager.h">
      <Filter>src</Filter>
    </ClInclude>
    <ClInclude Include="$(OFDIR)\addons\ofxArgParser\src\ofxArgParser.h">
      <Filter>addons\ofxArgParser</Filter>
    </ClInclude>
    <ClInclude Include="$(OFDIR)\addons\ofxPlaylist\src\ofxKeyframe.h">
      <Filter>addons\ofxPlaylist</Filter>
    </ClInclude>
    <ClInclude Include="$(OFDIR)\addons\ofxPlaylist\src\ofxBaseKeyframe.h">
      <Filter>addons\ofxPlaylist</Filter>
    </ClInclude>
    <ClInclude Include="$(OFDIR)\addons\ofxPlaylist\src\Easings\ofxEasing.h">
      <Filter>addons\ofxPlaylist</Filter>
    </ClInclude>
    <ClInclude Include="$(OFDIR)\addons\ofxPlaylist\src\Easings\ofxEasingBack.h">
      <Filter>addons\ofxPlaylist</Filter>
    </ClInclude>
    <ClInclude Include="$(OFDIR)\addons\ofxPlaylist\src\Easings\ofxEasingBounce.h">
      <Filter>addons\ofxPlaylist</Filter>
    </ClInclude>
    <ClInclude Include="$(OFDIR)\addons\ofxPlaylist\src\Easings\ofxEasingCirc.h">
      <Filter>addons\ofxPlaylist</Filter>
    </ClInclude>
    <ClInclude Include="$(OFDIR)\addons\ofxPlaylist\src\Easings\ofxEasingCubic.h">
      <Filter>addons\ofxPlaylist</Filter>
    </ClInclude>
    <ClInclude Include="$(OFDIR)\addons\ofxPlaylist\src\Easings\ofxEasingElastic.h">
      <Filter>addons\ofxPlaylist</Filter>
    </ClInclude>
    <ClInclude Include="$(OFDIR)\addons\ofxPlaylist\src\Easings\ofxEasingExpo.h">
      <Filter>addons\ofxPlaylist</Filter>
    </ClInclude>
    <ClInclude Include="$(OFDIR)\addons\ofxPlaylist\src\ofxEasingExt.h">
      <Filter>addons\ofxPlaylist</Filter>
    </ClInclude>
    <ClInclude Include="$(OFDIR)\addons\ofxPlaylist\src\Easings\ofxEasingLinear.h">
      <Filter>addons\ofxPlaylist</Filter>
    </ClInclude>
    <ClInclude Include="$(OFDIR)\addons\ofxPlaylist\src\Easings\ofxEasingQuad.h">
      <Filter>addons\ofxPlaylist</Filter>
    </ClInclude>
    <ClInclude Include="$(OFDIR)\addons\ofxPlaylist\src\Easings\ofxEasingQuart.h">
      <Filter>addons\ofxPlaylist</Filter>
    </ClInclude>
    <ClInclude Include="$(OFDIR)\addons\ofxPlaylist\src\Easings\ofxEasingQuint.h">
      <Filter>addons\ofxPlaylist</Filter>
    </ClInclude>
    <ClInclude Include="$(OFDIR)\addons\ofxPlaylist\src\Easings\ofxEasingSine.h">
      <Filter>addons\ofxPlaylist</Filter>
    </ClInclude>
    <ClInclude Include="$(OFDIR)\addons\ofxPlaylist\src\ofxEventKeyframe.h">
      <Filter>addons\ofxPlaylist</Filter>
    </ClInclude>
    <ClInclude Include="$(OFDIR)\addons\ofxPlaylist\src\ofxPlaylistAEHelper.h">
      <Filter>addons\ofxPlaylist</Filter>
    </ClInclude>
    <ClInclude Include="$(OFDIR)\addons\ofxPlaylist\src\ofxPlaylist.h">
      <Filter>addons\ofxPlaylist</Filter>
    </ClInclude>
    <ClInclude Include="$(OFDIR)\addons\ofxOsc\libs\oscpack\src\ip\PacketListener.h">
      <Filter>addons\ofxOsc</Filter>
    </ClInclude>
    <ClInclude Include="$(OFDIR)\addons\ofxOsc\src\ofxOsc.h">
      <Filter>addons\ofxOsc</Filter>
    </ClInclude>
    <ClInclude Include="$(OFDIR)\addons\ofxOsc\src\ofxOscArg.h">
      <Filter>addons\ofxOsc</Filter>
    </ClInclude>
    <ClInclude Include="$(OFDIR)\addons\ofxOsc\src\ofxOscBundle.h">
      <Filter>addons\ofxOsc</Filter>
    </ClInclude>
    <ClInclude Include="$(OFDIR)\addons\ofxOsc\src\ofxOscMessage.h">
      <Filter>addons\ofxOsc</Filter>
    </ClInclude>
    <ClInclude Include="$(OFDIR)\addons\ofxOsc\src\ofxOscParameterSync.h">
      <Filter>addons\ofxOsc</Filter>
    </ClInclude>
    <ClInclude Include="$(OFDIR)\addons\ofxOsc\src\ofxOscReceiver.h">
      <Filter>addons\ofxOsc</Filter>
    </ClInclude>
    <ClInclude Include="$(OFDIR)\addons\ofxOsc\src\ofxOscSender.h">
      <Filter>addons\ofxOsc</Filter>
    </ClInclude>
    <ClInclude Include="$(OFDIR)\addons\ofxOsc\libs\oscpack\src\osc\OscException.h">
      <Filter>addons\ofxOsc</Filter>
    </ClInclude>
    <ClInclude Include="$(OFDIR)\addons\ofxOsc\libs\oscpack\src\osc\OscHostEndianness.h">
      <Filter>addons\ofxOsc</Filter>
    </ClInclude>
    <ClInclude Include="$(OFDIR)\addons\ofxOsc\libs\oscpack\src\osc\OscOutboundPacketStream.h">
      <Filter>addons\ofxOsc</Filter>
    </ClInclude>
    <ClInclude Include="$(OFDIR)\addons\ofxOsc\libs\oscpack\src\osc\OscPacketListener.h">
      <Filter>addons\ofxOsc</Filter>
    </ClInclude>
    <ClInclude Include="$(OFDIR)\addons\ofxOsc\libs\oscpack\src\osc\OscPrintReceivedElements.h">
      <Filter>addons\ofxOsc</Filter>
    </ClInclude>
    <ClInclude Include="$(OFDIR)\addons\ofxOsc\libs\oscpack\src\osc\OscReceivedElements.h">
      <Filter>addons\ofxOsc</Filter>
    </ClInclude>
    <ClInclude Include="$(OFDIR)\addons\ofxOsc\libs\oscpack\src\osc\OscTypes.h">
      <Filter>addons\ofxOsc</Filter>
    </ClInclude>
    <ClInclude Include="$(OFDIR)\addons\ofxOsc\libs\oscpack\src\ip\UdpSocket.h">
      <Filter>addons\ofxOsc</Filter>
    </ClInclude>
    <ClInclude Include="$(OFDIR)\addons\ofxOsc\libs\oscpack\src\ip\TimerListener.h">
      <Filter>addons\ofxOsc</Filter>
    </ClInclude>
    <ClInclude Include="$(OFDIR)\addons\ofxOsc\libs\oscpack\src\ip\IpEndpointName.h">
      <Filter>addons\ofxOsc</Filter>
    </ClInclude>
    <ClInclude Include="$(OFDIR)\addons\ofxOsc\libs\oscpack\src\ip\NetworkingUtils.h">
      <Filter>addons\ofxOsc</Filter>
    </ClInclude>
    <ClInclude Include="$(OFDIR)\addons\ofxOsc\libs\oscpack\src\osc\MessageMappingOscPacketListener.h">
      <Filter>addons\ofxOsc</Filter>
    </ClInclude>
    <ClInclude Include="src\TotemDisplay.h">
      <Filter>src</Filter>
    </ClInclude>
    <ClInclude Include="src\Utils.h">
      <Filter>src</Filter>
    </ClInclude>
    <ClInclude Include="src\ofTotemApp.h">
      <Filter>src</Filter>
    </ClInclude>
    <ClInclude Include="src\VideoCaptureAppBase.h">
      <Filter>src</Filter>
    </ClInclude>
    <ClInclude Include="src\ofRemoteApp.h">
      <Filter>src</Filter>
    </ClInclude>
  </ItemGroup>
  <ItemGroup>
    <ResourceCompile Include="icon.rc" />
  </ItemGroup>
  <ItemGroup>
    <None Include="$(OFDIR)\addons\ofxPlaylist\src\Easings\easing_terms_of_use.html">
      <Filter>addons\ofxPlaylist</Filter>
    </None>
  </ItemGroup>
</Project>